// !$*UTF8*$!
{
	archiveVersion = 1;
	classes = {
	};
	objectVersion = 51;
	objects = {

/* Begin PBXBuildFile section */
		06E7F3C312D3A87001E9E8D3 /* libPods-StudyWorkspace.a in Frameworks */ = {isa = PBXBuildFile; fileRef = 05E7B8910ABCC69F72DE7163 /* libPods-StudyWorkspace.a */; };
		580E844524F8D75C003E6E0C /* WXStudyTabBarVC3.m in Sources */ = {isa = PBXBuildFile; fileRef = 580E844424F8D75C003E6E0C /* WXStudyTabBarVC3.m */; };
		580E844A24F8D9CE003E6E0C /* WXCollectionViewCell.m in Sources */ = {isa = PBXBuildFile; fileRef = 580E844824F8D9CE003E6E0C /* WXCollectionViewCell.m */; };
		580E844B24F8D9CE003E6E0C /* WXCollectionViewCell.xib in Resources */ = {isa = PBXBuildFile; fileRef = 580E844924F8D9CE003E6E0C /* WXCollectionViewCell.xib */; };
		580E845124F900E4003E6E0C /* StudyTmpView.m in Sources */ = {isa = PBXBuildFile; fileRef = 580E845024F900E4003E6E0C /* StudyTmpView.m */; };
		580E845324F900FC003E6E0C /* StudyTmpView.xib in Resources */ = {isa = PBXBuildFile; fileRef = 580E845224F900FC003E6E0C /* StudyTmpView.xib */; };
		5811051224EB6BAC006EB5FA /* UITextField+Extension.m in Sources */ = {isa = PBXBuildFile; fileRef = 5811050C24EB6BAC006EB5FA /* UITextField+Extension.m */; };
		5811051324EB6BAC006EB5FA /* UIButton+WXShortcut.m in Sources */ = {isa = PBXBuildFile; fileRef = 5811050D24EB6BAC006EB5FA /* UIButton+WXShortcut.m */; };
		5811051424EB6BAC006EB5FA /* UILabel+WXShortcut.m in Sources */ = {isa = PBXBuildFile; fileRef = 5811051024EB6BAC006EB5FA /* UILabel+WXShortcut.m */; };
		5811051724EB6D20006EB5FA /* NSString+Extension.m in Sources */ = {isa = PBXBuildFile; fileRef = 5811051624EB6D1F006EB5FA /* NSString+Extension.m */; };
		5811051A24EB6F6D006EB5FA /* CHTCollectionViewWaterfallLayout.m in Sources */ = {isa = PBXBuildFile; fileRef = 5811051924EB6F6D006EB5FA /* CHTCollectionViewWaterfallLayout.m */; };
		5811051E24EB70C0006EB5FA /* UILabel+HTML.m in Sources */ = {isa = PBXBuildFile; fileRef = 5811051D24EB70C0006EB5FA /* UILabel+HTML.m */; };
		5811052424EB71DD006EB5FA /* NSObjectSafe.m in Sources */ = {isa = PBXBuildFile; fileRef = 5811052224EB71DD006EB5FA /* NSObjectSafe.m */; settings = {COMPILER_FLAGS = "-fno-objc-arc"; }; };
		5811052724EB725E006EB5FA /* NSDictionary+SafeAccess.m in Sources */ = {isa = PBXBuildFile; fileRef = 5811052524EB725E006EB5FA /* NSDictionary+SafeAccess.m */; };
		5860C1BC2509FD4D00C5A634 /* UIWindow+Lookin.m in Sources */ = {isa = PBXBuildFile; fileRef = 5860C1BB2509FD4D00C5A634 /* UIWindow+Lookin.m */; };
		586382972626D7E80078C5CC /* StudyVC14.m in Sources */ = {isa = PBXBuildFile; fileRef = 586382962626D7E80078C5CC /* StudyVC14.m */; };
		58695C3424E6683000155B80 /* AppDelegate.m in Sources */ = {isa = PBXBuildFile; fileRef = 58695C3324E6683000155B80 /* AppDelegate.m */; };
		58695C3A24E6683000155B80 /* StudyMainVC.m in Sources */ = {isa = PBXBuildFile; fileRef = 58695C3924E6683000155B80 /* StudyMainVC.m */; };
		58695C3F24E6683100155B80 /* Assets.xcassets in Resources */ = {isa = PBXBuildFile; fileRef = 58695C3E24E6683100155B80 /* Assets.xcassets */; };
		58695C4524E6683100155B80 /* main.m in Sources */ = {isa = PBXBuildFile; fileRef = 58695C4424E6683100155B80 /* main.m */; };
		58695C5424E66C3E00155B80 /* WXStudyBaseVC.m in Sources */ = {isa = PBXBuildFile; fileRef = 58695C5324E66C3E00155B80 /* WXStudyBaseVC.m */; };
		58695C5724E66CAF00155B80 /* StudyVC1.m in Sources */ = {isa = PBXBuildFile; fileRef = 58695C5624E66CAF00155B80 /* StudyVC1.m */; };
		58695C5A24E66CBE00155B80 /* StudyVC2.m in Sources */ = {isa = PBXBuildFile; fileRef = 58695C5924E66CBE00155B80 /* StudyVC2.m */; };
		58695C5D24E66CCB00155B80 /* StudyVC3.m in Sources */ = {isa = PBXBuildFile; fileRef = 58695C5C24E66CCB00155B80 /* StudyVC3.m */; };
		58695C6124E66E6600155B80 /* LaunchScreen.storyboard in Resources */ = {isa = PBXBuildFile; fileRef = 58695C4024E6683100155B80 /* LaunchScreen.storyboard */; };
		5893D0B624EA52610005E1AF /* StudyVC5.m in Sources */ = {isa = PBXBuildFile; fileRef = 5893D0B524EA52610005E1AF /* StudyVC5.m */; };
		5893D0B924EA53870005E1AF /* StudyVC6.m in Sources */ = {isa = PBXBuildFile; fileRef = 5893D0B824EA53860005E1AF /* StudyVC6.m */; };
		5893D0CC24EA55CF0005E1AF /* StudyVC12.m in Sources */ = {isa = PBXBuildFile; fileRef = 5893D0BA24EA55CE0005E1AF /* StudyVC12.m */; };
		5893D0CD24EA55CF0005E1AF /* StudyVC10.xib in Resources */ = {isa = PBXBuildFile; fileRef = 5893D0BC24EA55CE0005E1AF /* StudyVC10.xib */; };
		5893D0CE24EA55CF0005E1AF /* StudyVC11.xib in Resources */ = {isa = PBXBuildFile; fileRef = 5893D0BD24EA55CE0005E1AF /* StudyVC11.xib */; };
		5893D0CF24EA55CF0005E1AF /* StudyVC11.m in Sources */ = {isa = PBXBuildFile; fileRef = 5893D0BE24EA55CE0005E1AF /* StudyVC11.m */; };
		5893D0D024EA55CF0005E1AF /* StudyVC7.m in Sources */ = {isa = PBXBuildFile; fileRef = 5893D0BF24EA55CE0005E1AF /* StudyVC7.m */; };
		5893D0D124EA55CF0005E1AF /* StudyVC9.m in Sources */ = {isa = PBXBuildFile; fileRef = 5893D0C124EA55CE0005E1AF /* StudyVC9.m */; };
		5893D0D224EA55CF0005E1AF /* StudyVC7.xib in Resources */ = {isa = PBXBuildFile; fileRef = 5893D0C324EA55CE0005E1AF /* StudyVC7.xib */; };
		5893D0D324EA55CF0005E1AF /* StudyVC10.m in Sources */ = {isa = PBXBuildFile; fileRef = 5893D0C424EA55CE0005E1AF /* StudyVC10.m */; };
		5893D0D424EA55CF0005E1AF /* StudyVC9.xib in Resources */ = {isa = PBXBuildFile; fileRef = 5893D0C524EA55CE0005E1AF /* StudyVC9.xib */; };
		5893D0D524EA55CF0005E1AF /* StudyVC8.m in Sources */ = {isa = PBXBuildFile; fileRef = 5893D0C824EA55CE0005E1AF /* StudyVC8.m */; };
		5893D0D624EA55CF0005E1AF /* StudyVC8.xib in Resources */ = {isa = PBXBuildFile; fileRef = 5893D0C924EA55CF0005E1AF /* StudyVC8.xib */; };
		5893D0D724EA55CF0005E1AF /* StudyVC12.xib in Resources */ = {isa = PBXBuildFile; fileRef = 5893D0CA24EA55CF0005E1AF /* StudyVC12.xib */; };
		5893D0E024EA55DA0005E1AF /* ChartLineInfoView.m in Sources */ = {isa = PBXBuildFile; fileRef = 5893D0D924EA55D90005E1AF /* ChartLineInfoView.m */; };
		5893D0E124EA55DA0005E1AF /* LukeView.m in Sources */ = {isa = PBXBuildFile; fileRef = 5893D0DC24EA55DA0005E1AF /* LukeView.m */; };
		5893D0E224EA55DA0005E1AF /* DrawPathView.m in Sources */ = {isa = PBXBuildFile; fileRef = 5893D0DD24EA55DA0005E1AF /* DrawPathView.m */; };
		5893D0E324EA55DA0005E1AF /* LukeLayer.m in Sources */ = {isa = PBXBuildFile; fileRef = 5893D0DE24EA55DA0005E1AF /* LukeLayer.m */; };
		5893D0E624EA59C40005E1AF /* UIView+WXExtension.m in Sources */ = {isa = PBXBuildFile; fileRef = 5893D0E424EA59C30005E1AF /* UIView+WXExtension.m */; };
		5893D0F124EA62610005E1AF /* SlideAppTabBarVC.m in Sources */ = {isa = PBXBuildFile; fileRef = 5893D0F024EA62610005E1AF /* SlideAppTabBarVC.m */; };
		5893D0F524EA65B60005E1AF /* StudyVC13.m in Sources */ = {isa = PBXBuildFile; fileRef = 5893D0F224EA65B60005E1AF /* StudyVC13.m */; };
		5893D0F624EA65B60005E1AF /* StudyVC13.xib in Resources */ = {isa = PBXBuildFile; fileRef = 5893D0F424EA65B60005E1AF /* StudyVC13.xib */; };
		5893D21824EA68980005E1AF /* UITabBarController+WXConvertSkin.m in Sources */ = {isa = PBXBuildFile; fileRef = 5893D21724EA68980005E1AF /* UITabBarController+WXConvertSkin.m */; };
		5893D21B24EA68AE0005E1AF /* WXTabBarInfoModel.m in Sources */ = {isa = PBXBuildFile; fileRef = 5893D21924EA68AE0005E1AF /* WXTabBarInfoModel.m */; };
		5893D21E24EA69700005E1AF /* WXTabBarSkinModel.m in Sources */ = {isa = PBXBuildFile; fileRef = 5893D21D24EA69700005E1AF /* WXTabBarSkinModel.m */; };
		5893D22124EA6AE40005E1AF /* WXStudyTabBarVC2.m in Sources */ = {isa = PBXBuildFile; fileRef = 5893D22024EA6AE40005E1AF /* WXStudyTabBarVC2.m */; };
		5893D22624EA6BFE0005E1AF /* UITabBar+BadgeView.m in Sources */ = {isa = PBXBuildFile; fileRef = 5893D22424EA6BFE0005E1AF /* UITabBar+BadgeView.m */; };
		5893D22924EA6C360005E1AF /* WXFileManager.m in Sources */ = {isa = PBXBuildFile; fileRef = 5893D22824EA6C360005E1AF /* WXFileManager.m */; };
		5893D22B24EA771C0005E1AF /* WXStudyTabBarVC2.xib in Resources */ = {isa = PBXBuildFile; fileRef = 5893D22A24EA771C0005E1AF /* WXStudyTabBarVC2.xib */; };
		58B5BD9E2639412F00865250 /* StudyVC15.m in Sources */ = {isa = PBXBuildFile; fileRef = 58B5BD9D2639412F00865250 /* StudyVC15.m */; };
		58C82D162628332700AC3EA0 /* UIImage+Extension.m in Sources */ = {isa = PBXBuildFile; fileRef = 58C82D152628332700AC3EA0 /* UIImage+Extension.m */; };
		58DB51E824E677C900F71C56 /* WXStudyCell.m in Sources */ = {isa = PBXBuildFile; fileRef = 58DB51E624E677C900F71C56 /* WXStudyCell.m */; };
		58DB51E924E677C900F71C56 /* WXStudyCell.xib in Resources */ = {isa = PBXBuildFile; fileRef = 58DB51E724E677C900F71C56 /* WXStudyCell.xib */; };
		58DB51EC24E6791A00F71C56 /* WXDataModel.m in Sources */ = {isa = PBXBuildFile; fileRef = 58DB51EB24E6791A00F71C56 /* WXDataModel.m */; };
		58EB3A6E261EE66100397F49 /* WXCFunctionTool.m in Sources */ = {isa = PBXBuildFile; fileRef = 58EB3A6D261EE66100397F49 /* WXCFunctionTool.m */; };
		58EB3A7F261F015700397F49 /* NSObject+Swizzling.m in Sources */ = {isa = PBXBuildFile; fileRef = 58EB3A7E261F015700397F49 /* NSObject+Swizzling.m */; };
		58EB3A85261F0ABC00397F49 /* WXCollectionViewManager.m in Sources */ = {isa = PBXBuildFile; fileRef = 58EB3A81261F0ABC00397F49 /* WXCollectionViewManager.m */; };
		58EB3A86261F0ABC00397F49 /* WXTableViewManager.m in Sources */ = {isa = PBXBuildFile; fileRef = 58EB3A82261F0ABC00397F49 /* WXTableViewManager.m */; };
		58EB3A8A261F0C2200397F49 /* UIScrollView+WXBlankPageView.m in Sources */ = {isa = PBXBuildFile; fileRef = 58EB3A88261F0C2200397F49 /* UIScrollView+WXBlankPageView.m */; };
		58EB3A8E261F0C3C00397F49 /* WXBlankTipView.m in Sources */ = {isa = PBXBuildFile; fileRef = 58EB3A8D261F0C3C00397F49 /* WXBlankTipView.m */; };
		58F7B2DC26A00E680009FBB8 /* WXNavigationVC.m in Sources */ = {isa = PBXBuildFile; fileRef = 58F7B2DB26A00E680009FBB8 /* WXNavigationVC.m */; };
		58F7B2DF26A0137C0009FBB8 /* WXWebViewVC.m in Sources */ = {isa = PBXBuildFile; fileRef = 58F7B2DE26A0137C0009FBB8 /* WXWebViewVC.m */; };
		58F7B2E326A014DF0009FBB8 /* WX_NetworkRequest.m in Sources */ = {isa = PBXBuildFile; fileRef = 58F7B2E226A014DF0009FBB8 /* WX_NetworkRequest.m */; };
		58F7B2E926A018C70009FBB8 /* WXApiHostManager.m in Sources */ = {isa = PBXBuildFile; fileRef = 58F7B2E826A018C70009FBB8 /* WXApiHostManager.m */; };
		58F7B2EC26A01AAE0009FBB8 /* WXDeeplinkManager.m in Sources */ = {isa = PBXBuildFile; fileRef = 58F7B2EB26A01AAE0009FBB8 /* WXDeeplinkManager.m */; };
		58F7B2F226A01DE60009FBB8 /* UIButton+WXExtension.m in Sources */ = {isa = PBXBuildFile; fileRef = 58F7B2F126A01DE60009FBB8 /* UIButton+WXExtension.m */; };
		58F7B2F526A01F760009FBB8 /* UIViewController+WXExtension.m in Sources */ = {isa = PBXBuildFile; fileRef = 58F7B2F426A01F760009FBB8 /* UIViewController+WXExtension.m */; };
		58F7B2F826A0289E0009FBB8 /* UINavigationController+FDFullscreenPopGesture.m in Sources */ = {isa = PBXBuildFile; fileRef = 58F7B2F626A0289E0009FBB8 /* UINavigationController+FDFullscreenPopGesture.m */; };
		58FBED5E24E68802003F7FE6 /* SkinZipURL.txt in Resources */ = {isa = PBXBuildFile; fileRef = 58FBED5D24E68802003F7FE6 /* SkinZipURL.txt */; };
		58FBED6624E68C2B003F7FE6 /* StudyVC1.xib in Resources */ = {isa = PBXBuildFile; fileRef = 58FBED6524E68C2B003F7FE6 /* StudyVC1.xib */; };
		58FBED7024E6B8C8003F7FE6 /* StudyVC4.m in Sources */ = {isa = PBXBuildFile; fileRef = 58FBED6F24E6B8C8003F7FE6 /* StudyVC4.m */; };
		A33E5A7B261F53C8004E3A46 /* TestFile.txt in Resources */ = {isa = PBXBuildFile; fileRef = A33E5A7A261F53C8004E3A46 /* TestFile.txt */; };
		A3A396C12622016C00A32116 /* WXTrandCCell.m in Sources */ = {isa = PBXBuildFile; fileRef = A3A396C02622016C00A32116 /* WXTrandCCell.m */; };
/* End PBXBuildFile section */

/* Begin PBXFileReference section */
		05E7B8910ABCC69F72DE7163 /* libPods-StudyWorkspace.a */ = {isa = PBXFileReference; explicitFileType = archive.ar; includeInIndex = 0; path = "libPods-StudyWorkspace.a"; sourceTree = BUILT_PRODUCTS_DIR; };
		580E844324F8D75C003E6E0C /* WXStudyTabBarVC3.h */ = {isa = PBXFileReference; lastKnownFileType = sourcecode.c.h; path = WXStudyTabBarVC3.h; sourceTree = "<group>"; };
		580E844424F8D75C003E6E0C /* WXStudyTabBarVC3.m */ = {isa = PBXFileReference; lastKnownFileType = sourcecode.c.objc; path = WXStudyTabBarVC3.m; sourceTree = "<group>"; };
		580E844724F8D9CE003E6E0C /* WXCollectionViewCell.h */ = {isa = PBXFileReference; lastKnownFileType = sourcecode.c.h; path = WXCollectionViewCell.h; sourceTree = "<group>"; };
		580E844824F8D9CE003E6E0C /* WXCollectionViewCell.m */ = {isa = PBXFileReference; lastKnownFileType = sourcecode.c.objc; path = WXCollectionViewCell.m; sourceTree = "<group>"; };
		580E844924F8D9CE003E6E0C /* WXCollectionViewCell.xib */ = {isa = PBXFileReference; lastKnownFileType = file.xib; path = WXCollectionViewCell.xib; sourceTree = "<group>"; };
		580E844F24F900E4003E6E0C /* StudyTmpView.h */ = {isa = PBXFileReference; lastKnownFileType = sourcecode.c.h; path = StudyTmpView.h; sourceTree = "<group>"; };
		580E845024F900E4003E6E0C /* StudyTmpView.m */ = {isa = PBXFileReference; lastKnownFileType = sourcecode.c.objc; path = StudyTmpView.m; sourceTree = "<group>"; };
		580E845224F900FC003E6E0C /* StudyTmpView.xib */ = {isa = PBXFileReference; lastKnownFileType = file.xib; path = StudyTmpView.xib; sourceTree = "<group>"; };
		5811050C24EB6BAC006EB5FA /* UITextField+Extension.m */ = {isa = PBXFileReference; fileEncoding = 4; lastKnownFileType = sourcecode.c.objc; path = "UITextField+Extension.m"; sourceTree = "<group>"; };
		5811050D24EB6BAC006EB5FA /* UIButton+WXShortcut.m */ = {isa = PBXFileReference; fileEncoding = 4; lastKnownFileType = sourcecode.c.objc; path = "UIButton+WXShortcut.m"; sourceTree = "<group>"; };
		5811050E24EB6BAC006EB5FA /* UILabel+WXShortcut.h */ = {isa = PBXFileReference; fileEncoding = 4; lastKnownFileType = sourcecode.c.h; path = "UILabel+WXShortcut.h"; sourceTree = "<group>"; };
		5811050F24EB6BAC006EB5FA /* UITextField+Extension.h */ = {isa = PBXFileReference; fileEncoding = 4; lastKnownFileType = sourcecode.c.h; path = "UITextField+Extension.h"; sourceTree = "<group>"; };
		5811051024EB6BAC006EB5FA /* UILabel+WXShortcut.m */ = {isa = PBXFileReference; fileEncoding = 4; lastKnownFileType = sourcecode.c.objc; path = "UILabel+WXShortcut.m"; sourceTree = "<group>"; };
		5811051124EB6BAC006EB5FA /* UIButton+WXShortcut.h */ = {isa = PBXFileReference; fileEncoding = 4; lastKnownFileType = sourcecode.c.h; path = "UIButton+WXShortcut.h"; sourceTree = "<group>"; };
		5811051524EB6D1F006EB5FA /* NSString+Extension.h */ = {isa = PBXFileReference; fileEncoding = 4; lastKnownFileType = sourcecode.c.h; path = "NSString+Extension.h"; sourceTree = "<group>"; };
		5811051624EB6D1F006EB5FA /* NSString+Extension.m */ = {isa = PBXFileReference; fileEncoding = 4; lastKnownFileType = sourcecode.c.objc; path = "NSString+Extension.m"; sourceTree = "<group>"; };
		5811051824EB6F6D006EB5FA /* CHTCollectionViewWaterfallLayout.h */ = {isa = PBXFileReference; fileEncoding = 4; lastKnownFileType = sourcecode.c.h; path = CHTCollectionViewWaterfallLayout.h; sourceTree = "<group>"; };
		5811051924EB6F6D006EB5FA /* CHTCollectionViewWaterfallLayout.m */ = {isa = PBXFileReference; fileEncoding = 4; lastKnownFileType = sourcecode.c.objc; path = CHTCollectionViewWaterfallLayout.m; sourceTree = "<group>"; };
		5811051C24EB70C0006EB5FA /* UILabel+HTML.h */ = {isa = PBXFileReference; fileEncoding = 4; lastKnownFileType = sourcecode.c.h; path = "UILabel+HTML.h"; sourceTree = "<group>"; };
		5811051D24EB70C0006EB5FA /* UILabel+HTML.m */ = {isa = PBXFileReference; fileEncoding = 4; lastKnownFileType = sourcecode.c.objc; path = "UILabel+HTML.m"; sourceTree = "<group>"; };
		5811052224EB71DD006EB5FA /* NSObjectSafe.m */ = {isa = PBXFileReference; fileEncoding = 4; lastKnownFileType = sourcecode.c.objc; path = NSObjectSafe.m; sourceTree = "<group>"; };
		5811052324EB71DD006EB5FA /* NSObjectSafe.h */ = {isa = PBXFileReference; fileEncoding = 4; lastKnownFileType = sourcecode.c.h; path = NSObjectSafe.h; sourceTree = "<group>"; };
		5811052524EB725E006EB5FA /* NSDictionary+SafeAccess.m */ = {isa = PBXFileReference; fileEncoding = 4; lastKnownFileType = sourcecode.c.objc; path = "NSDictionary+SafeAccess.m"; sourceTree = "<group>"; };
		5811052624EB725E006EB5FA /* NSDictionary+SafeAccess.h */ = {isa = PBXFileReference; fileEncoding = 4; lastKnownFileType = sourcecode.c.h; path = "NSDictionary+SafeAccess.h"; sourceTree = "<group>"; };
		5860C1BA2509FD4D00C5A634 /* UIWindow+Lookin.h */ = {isa = PBXFileReference; lastKnownFileType = sourcecode.c.h; path = "UIWindow+Lookin.h"; sourceTree = "<group>"; };
		5860C1BB2509FD4D00C5A634 /* UIWindow+Lookin.m */ = {isa = PBXFileReference; lastKnownFileType = sourcecode.c.objc; path = "UIWindow+Lookin.m"; sourceTree = "<group>"; };
		586382952626D7E80078C5CC /* StudyVC14.h */ = {isa = PBXFileReference; lastKnownFileType = sourcecode.c.h; path = StudyVC14.h; sourceTree = "<group>"; };
		586382962626D7E80078C5CC /* StudyVC14.m */ = {isa = PBXFileReference; lastKnownFileType = sourcecode.c.objc; path = StudyVC14.m; sourceTree = "<group>"; };
		58695C2F24E6683000155B80 /* StudyWorkspace.app */ = {isa = PBXFileReference; explicitFileType = wrapper.application; includeInIndex = 0; path = StudyWorkspace.app; sourceTree = BUILT_PRODUCTS_DIR; };
		58695C3224E6683000155B80 /* AppDelegate.h */ = {isa = PBXFileReference; lastKnownFileType = sourcecode.c.h; path = AppDelegate.h; sourceTree = "<group>"; };
		58695C3324E6683000155B80 /* AppDelegate.m */ = {isa = PBXFileReference; lastKnownFileType = sourcecode.c.objc; path = AppDelegate.m; sourceTree = "<group>"; };
		58695C3824E6683000155B80 /* StudyMainVC.h */ = {isa = PBXFileReference; lastKnownFileType = sourcecode.c.h; path = StudyMainVC.h; sourceTree = "<group>"; };
		58695C3924E6683000155B80 /* StudyMainVC.m */ = {isa = PBXFileReference; lastKnownFileType = sourcecode.c.objc; path = StudyMainVC.m; sourceTree = "<group>"; };
		58695C3E24E6683100155B80 /* Assets.xcassets */ = {isa = PBXFileReference; lastKnownFileType = folder.assetcatalog; path = Assets.xcassets; sourceTree = "<group>"; };
		58695C4124E6683100155B80 /* Base */ = {isa = PBXFileReference; lastKnownFileType = file.storyboard; name = Base; path = Base.lproj/LaunchScreen.storyboard; sourceTree = "<group>"; };
		58695C4324E6683100155B80 /* Info.plist */ = {isa = PBXFileReference; lastKnownFileType = text.plist.xml; path = Info.plist; sourceTree = "<group>"; };
		58695C4424E6683100155B80 /* main.m */ = {isa = PBXFileReference; lastKnownFileType = sourcecode.c.objc; path = main.m; sourceTree = "<group>"; };
		58695C5224E66C3E00155B80 /* WXStudyBaseVC.h */ = {isa = PBXFileReference; lastKnownFileType = sourcecode.c.h; path = WXStudyBaseVC.h; sourceTree = "<group>"; };
		58695C5324E66C3E00155B80 /* WXStudyBaseVC.m */ = {isa = PBXFileReference; lastKnownFileType = sourcecode.c.objc; path = WXStudyBaseVC.m; sourceTree = "<group>"; };
		58695C5524E66CAF00155B80 /* StudyVC1.h */ = {isa = PBXFileReference; lastKnownFileType = sourcecode.c.h; path = StudyVC1.h; sourceTree = "<group>"; };
		58695C5624E66CAF00155B80 /* StudyVC1.m */ = {isa = PBXFileReference; lastKnownFileType = sourcecode.c.objc; path = StudyVC1.m; sourceTree = "<group>"; };
		58695C5824E66CBE00155B80 /* StudyVC2.h */ = {isa = PBXFileReference; lastKnownFileType = sourcecode.c.h; path = StudyVC2.h; sourceTree = "<group>"; };
		58695C5924E66CBE00155B80 /* StudyVC2.m */ = {isa = PBXFileReference; lastKnownFileType = sourcecode.c.objc; path = StudyVC2.m; sourceTree = "<group>"; };
		58695C5B24E66CCB00155B80 /* StudyVC3.h */ = {isa = PBXFileReference; lastKnownFileType = sourcecode.c.h; path = StudyVC3.h; sourceTree = "<group>"; };
		58695C5C24E66CCB00155B80 /* StudyVC3.m */ = {isa = PBXFileReference; lastKnownFileType = sourcecode.c.objc; path = StudyVC3.m; sourceTree = "<group>"; };
		5893D0B424EA52610005E1AF /* StudyVC5.h */ = {isa = PBXFileReference; lastKnownFileType = sourcecode.c.h; path = StudyVC5.h; sourceTree = "<group>"; };
		5893D0B524EA52610005E1AF /* StudyVC5.m */ = {isa = PBXFileReference; lastKnownFileType = sourcecode.c.objc; path = StudyVC5.m; sourceTree = "<group>"; };
		5893D0B724EA53860005E1AF /* StudyVC6.h */ = {isa = PBXFileReference; lastKnownFileType = sourcecode.c.h; path = StudyVC6.h; sourceTree = "<group>"; };
		5893D0B824EA53860005E1AF /* StudyVC6.m */ = {isa = PBXFileReference; lastKnownFileType = sourcecode.c.objc; path = StudyVC6.m; sourceTree = "<group>"; };
		5893D0BA24EA55CE0005E1AF /* StudyVC12.m */ = {isa = PBXFileReference; fileEncoding = 4; lastKnownFileType = sourcecode.c.objc; path = StudyVC12.m; sourceTree = "<group>"; };
		5893D0BB24EA55CE0005E1AF /* StudyVC10.h */ = {isa = PBXFileReference; fileEncoding = 4; lastKnownFileType = sourcecode.c.h; path = StudyVC10.h; sourceTree = "<group>"; };
		5893D0BC24EA55CE0005E1AF /* StudyVC10.xib */ = {isa = PBXFileReference; fileEncoding = 4; lastKnownFileType = file.xib; path = StudyVC10.xib; sourceTree = "<group>"; };
		5893D0BD24EA55CE0005E1AF /* StudyVC11.xib */ = {isa = PBXFileReference; fileEncoding = 4; lastKnownFileType = file.xib; path = StudyVC11.xib; sourceTree = "<group>"; };
		5893D0BE24EA55CE0005E1AF /* StudyVC11.m */ = {isa = PBXFileReference; fileEncoding = 4; lastKnownFileType = sourcecode.c.objc; path = StudyVC11.m; sourceTree = "<group>"; };
		5893D0BF24EA55CE0005E1AF /* StudyVC7.m */ = {isa = PBXFileReference; fileEncoding = 4; lastKnownFileType = sourcecode.c.objc; path = StudyVC7.m; sourceTree = "<group>"; };
		5893D0C024EA55CE0005E1AF /* StudyVC8.h */ = {isa = PBXFileReference; fileEncoding = 4; lastKnownFileType = sourcecode.c.h; path = StudyVC8.h; sourceTree = "<group>"; };
		5893D0C124EA55CE0005E1AF /* StudyVC9.m */ = {isa = PBXFileReference; fileEncoding = 4; lastKnownFileType = sourcecode.c.objc; path = StudyVC9.m; sourceTree = "<group>"; };
		5893D0C224EA55CE0005E1AF /* StudyVC9.h */ = {isa = PBXFileReference; fileEncoding = 4; lastKnownFileType = sourcecode.c.h; path = StudyVC9.h; sourceTree = "<group>"; };
		5893D0C324EA55CE0005E1AF /* StudyVC7.xib */ = {isa = PBXFileReference; fileEncoding = 4; lastKnownFileType = file.xib; path = StudyVC7.xib; sourceTree = "<group>"; };
		5893D0C424EA55CE0005E1AF /* StudyVC10.m */ = {isa = PBXFileReference; fileEncoding = 4; lastKnownFileType = sourcecode.c.objc; path = StudyVC10.m; sourceTree = "<group>"; };
		5893D0C524EA55CE0005E1AF /* StudyVC9.xib */ = {isa = PBXFileReference; fileEncoding = 4; lastKnownFileType = file.xib; path = StudyVC9.xib; sourceTree = "<group>"; };
		5893D0C624EA55CE0005E1AF /* StudyVC7.h */ = {isa = PBXFileReference; fileEncoding = 4; lastKnownFileType = sourcecode.c.h; path = StudyVC7.h; sourceTree = "<group>"; };
		5893D0C724EA55CE0005E1AF /* StudyVC11.h */ = {isa = PBXFileReference; fileEncoding = 4; lastKnownFileType = sourcecode.c.h; path = StudyVC11.h; sourceTree = "<group>"; };
		5893D0C824EA55CE0005E1AF /* StudyVC8.m */ = {isa = PBXFileReference; fileEncoding = 4; lastKnownFileType = sourcecode.c.objc; path = StudyVC8.m; sourceTree = "<group>"; };
		5893D0C924EA55CF0005E1AF /* StudyVC8.xib */ = {isa = PBXFileReference; fileEncoding = 4; lastKnownFileType = file.xib; path = StudyVC8.xib; sourceTree = "<group>"; };
		5893D0CA24EA55CF0005E1AF /* StudyVC12.xib */ = {isa = PBXFileReference; fileEncoding = 4; lastKnownFileType = file.xib; path = StudyVC12.xib; sourceTree = "<group>"; };
		5893D0CB24EA55CF0005E1AF /* StudyVC12.h */ = {isa = PBXFileReference; fileEncoding = 4; lastKnownFileType = sourcecode.c.h; path = StudyVC12.h; sourceTree = "<group>"; };
		5893D0D824EA55D90005E1AF /* LukeView.h */ = {isa = PBXFileReference; fileEncoding = 4; lastKnownFileType = sourcecode.c.h; path = LukeView.h; sourceTree = "<group>"; };
		5893D0D924EA55D90005E1AF /* ChartLineInfoView.m */ = {isa = PBXFileReference; fileEncoding = 4; lastKnownFileType = sourcecode.c.objc; path = ChartLineInfoView.m; sourceTree = "<group>"; };
		5893D0DA24EA55D90005E1AF /* LukeLayer.h */ = {isa = PBXFileReference; fileEncoding = 4; lastKnownFileType = sourcecode.c.h; path = LukeLayer.h; sourceTree = "<group>"; };
		5893D0DB24EA55DA0005E1AF /* ChartLineInfoView.h */ = {isa = PBXFileReference; fileEncoding = 4; lastKnownFileType = sourcecode.c.h; path = ChartLineInfoView.h; sourceTree = "<group>"; };
		5893D0DC24EA55DA0005E1AF /* LukeView.m */ = {isa = PBXFileReference; fileEncoding = 4; lastKnownFileType = sourcecode.c.objc; path = LukeView.m; sourceTree = "<group>"; };
		5893D0DD24EA55DA0005E1AF /* DrawPathView.m */ = {isa = PBXFileReference; fileEncoding = 4; lastKnownFileType = sourcecode.c.objc; path = DrawPathView.m; sourceTree = "<group>"; };
		5893D0DE24EA55DA0005E1AF /* LukeLayer.m */ = {isa = PBXFileReference; fileEncoding = 4; lastKnownFileType = sourcecode.c.objc; path = LukeLayer.m; sourceTree = "<group>"; };
		5893D0DF24EA55DA0005E1AF /* DrawPathView.h */ = {isa = PBXFileReference; fileEncoding = 4; lastKnownFileType = sourcecode.c.h; path = DrawPathView.h; sourceTree = "<group>"; };
		5893D0E424EA59C30005E1AF /* UIView+WXExtension.m */ = {isa = PBXFileReference; fileEncoding = 4; lastKnownFileType = sourcecode.c.objc; path = "UIView+WXExtension.m"; sourceTree = "<group>"; };
		5893D0E524EA59C30005E1AF /* UIView+WXExtension.h */ = {isa = PBXFileReference; fileEncoding = 4; lastKnownFileType = sourcecode.c.h; path = "UIView+WXExtension.h"; sourceTree = "<group>"; };
		5893D0EA24EA5A0C0005E1AF /* WXPublicHeader.h */ = {isa = PBXFileReference; fileEncoding = 4; lastKnownFileType = sourcecode.c.h; path = WXPublicHeader.h; sourceTree = "<group>"; };
		5893D0EC24EA5A0C0005E1AF /* WXColorDefiner.h */ = {isa = PBXFileReference; fileEncoding = 4; lastKnownFileType = sourcecode.c.h; path = WXColorDefiner.h; sourceTree = "<group>"; };
		5893D0ED24EA5A0C0005E1AF /* WXFrameDefiner.h */ = {isa = PBXFileReference; fileEncoding = 4; lastKnownFileType = sourcecode.c.h; path = WXFrameDefiner.h; sourceTree = "<group>"; };
		5893D0EF24EA62610005E1AF /* SlideAppTabBarVC.h */ = {isa = PBXFileReference; fileEncoding = 4; lastKnownFileType = sourcecode.c.h; path = SlideAppTabBarVC.h; sourceTree = "<group>"; };
		5893D0F024EA62610005E1AF /* SlideAppTabBarVC.m */ = {isa = PBXFileReference; fileEncoding = 4; lastKnownFileType = sourcecode.c.objc; path = SlideAppTabBarVC.m; sourceTree = "<group>"; };
		5893D0F224EA65B60005E1AF /* StudyVC13.m */ = {isa = PBXFileReference; fileEncoding = 4; lastKnownFileType = sourcecode.c.objc; path = StudyVC13.m; sourceTree = "<group>"; };
		5893D0F324EA65B60005E1AF /* StudyVC13.h */ = {isa = PBXFileReference; fileEncoding = 4; lastKnownFileType = sourcecode.c.h; path = StudyVC13.h; sourceTree = "<group>"; };
		5893D0F424EA65B60005E1AF /* StudyVC13.xib */ = {isa = PBXFileReference; fileEncoding = 4; lastKnownFileType = file.xib; path = StudyVC13.xib; sourceTree = "<group>"; };
		5893D21624EA68980005E1AF /* UITabBarController+WXConvertSkin.h */ = {isa = PBXFileReference; fileEncoding = 4; lastKnownFileType = sourcecode.c.h; path = "UITabBarController+WXConvertSkin.h"; sourceTree = "<group>"; };
		5893D21724EA68980005E1AF /* UITabBarController+WXConvertSkin.m */ = {isa = PBXFileReference; fileEncoding = 4; lastKnownFileType = sourcecode.c.objc; path = "UITabBarController+WXConvertSkin.m"; sourceTree = "<group>"; };
		5893D21924EA68AE0005E1AF /* WXTabBarInfoModel.m */ = {isa = PBXFileReference; fileEncoding = 4; lastKnownFileType = sourcecode.c.objc; path = WXTabBarInfoModel.m; sourceTree = "<group>"; };
		5893D21A24EA68AE0005E1AF /* WXTabBarInfoModel.h */ = {isa = PBXFileReference; fileEncoding = 4; lastKnownFileType = sourcecode.c.h; path = WXTabBarInfoModel.h; sourceTree = "<group>"; };
		5893D21C24EA69700005E1AF /* WXTabBarSkinModel.h */ = {isa = PBXFileReference; fileEncoding = 4; lastKnownFileType = sourcecode.c.h; path = WXTabBarSkinModel.h; sourceTree = "<group>"; };
		5893D21D24EA69700005E1AF /* WXTabBarSkinModel.m */ = {isa = PBXFileReference; fileEncoding = 4; lastKnownFileType = sourcecode.c.objc; path = WXTabBarSkinModel.m; sourceTree = "<group>"; };
		5893D21F24EA6AE40005E1AF /* WXStudyTabBarVC2.h */ = {isa = PBXFileReference; lastKnownFileType = sourcecode.c.h; path = WXStudyTabBarVC2.h; sourceTree = "<group>"; };
		5893D22024EA6AE40005E1AF /* WXStudyTabBarVC2.m */ = {isa = PBXFileReference; lastKnownFileType = sourcecode.c.objc; path = WXStudyTabBarVC2.m; sourceTree = "<group>"; };
		5893D22424EA6BFE0005E1AF /* UITabBar+BadgeView.m */ = {isa = PBXFileReference; fileEncoding = 4; lastKnownFileType = sourcecode.c.objc; path = "UITabBar+BadgeView.m"; sourceTree = "<group>"; };
		5893D22524EA6BFE0005E1AF /* UITabBar+BadgeView.h */ = {isa = PBXFileReference; fileEncoding = 4; lastKnownFileType = sourcecode.c.h; path = "UITabBar+BadgeView.h"; sourceTree = "<group>"; };
		5893D22724EA6C360005E1AF /* WXFileManager.h */ = {isa = PBXFileReference; fileEncoding = 4; lastKnownFileType = sourcecode.c.h; path = WXFileManager.h; sourceTree = "<group>"; };
		5893D22824EA6C360005E1AF /* WXFileManager.m */ = {isa = PBXFileReference; fileEncoding = 4; lastKnownFileType = sourcecode.c.objc; path = WXFileManager.m; sourceTree = "<group>"; };
		5893D22A24EA771C0005E1AF /* WXStudyTabBarVC2.xib */ = {isa = PBXFileReference; fileEncoding = 4; lastKnownFileType = file.xib; path = WXStudyTabBarVC2.xib; sourceTree = "<group>"; };
		58B5BD9C2639412F00865250 /* StudyVC15.h */ = {isa = PBXFileReference; lastKnownFileType = sourcecode.c.h; path = StudyVC15.h; sourceTree = "<group>"; };
		58B5BD9D2639412F00865250 /* StudyVC15.m */ = {isa = PBXFileReference; lastKnownFileType = sourcecode.c.objc; path = StudyVC15.m; sourceTree = "<group>"; };
		58C82D142628332700AC3EA0 /* UIImage+Extension.h */ = {isa = PBXFileReference; lastKnownFileType = sourcecode.c.h; path = "UIImage+Extension.h"; sourceTree = "<group>"; };
		58C82D152628332700AC3EA0 /* UIImage+Extension.m */ = {isa = PBXFileReference; lastKnownFileType = sourcecode.c.objc; path = "UIImage+Extension.m"; sourceTree = "<group>"; };
		58DB51E524E677C900F71C56 /* WXStudyCell.h */ = {isa = PBXFileReference; lastKnownFileType = sourcecode.c.h; path = WXStudyCell.h; sourceTree = "<group>"; };
		58DB51E624E677C900F71C56 /* WXStudyCell.m */ = {isa = PBXFileReference; lastKnownFileType = sourcecode.c.objc; path = WXStudyCell.m; sourceTree = "<group>"; };
		58DB51E724E677C900F71C56 /* WXStudyCell.xib */ = {isa = PBXFileReference; lastKnownFileType = file.xib; path = WXStudyCell.xib; sourceTree = "<group>"; };
		58DB51EA24E6791A00F71C56 /* WXDataModel.h */ = {isa = PBXFileReference; lastKnownFileType = sourcecode.c.h; path = WXDataModel.h; sourceTree = "<group>"; };
		58DB51EB24E6791A00F71C56 /* WXDataModel.m */ = {isa = PBXFileReference; lastKnownFileType = sourcecode.c.objc; path = WXDataModel.m; sourceTree = "<group>"; };
		58EB3A6C261EE66100397F49 /* WXCFunctionTool.h */ = {isa = PBXFileReference; fileEncoding = 4; lastKnownFileType = sourcecode.c.h; path = WXCFunctionTool.h; sourceTree = "<group>"; };
		58EB3A6D261EE66100397F49 /* WXCFunctionTool.m */ = {isa = PBXFileReference; fileEncoding = 4; lastKnownFileType = sourcecode.c.objc; path = WXCFunctionTool.m; sourceTree = "<group>"; };
		58EB3A70261EE6EC00397F49 /* WXMacroDefiner.h */ = {isa = PBXFileReference; fileEncoding = 4; lastKnownFileType = sourcecode.c.h; path = WXMacroDefiner.h; sourceTree = "<group>"; };
		58EB3A7D261F015700397F49 /* NSObject+Swizzling.h */ = {isa = PBXFileReference; fileEncoding = 4; lastKnownFileType = sourcecode.c.h; path = "NSObject+Swizzling.h"; sourceTree = "<group>"; };
		58EB3A7E261F015700397F49 /* NSObject+Swizzling.m */ = {isa = PBXFileReference; fileEncoding = 4; lastKnownFileType = sourcecode.c.objc; path = "NSObject+Swizzling.m"; sourceTree = "<group>"; };
		58EB3A81261F0ABC00397F49 /* WXCollectionViewManager.m */ = {isa = PBXFileReference; fileEncoding = 4; lastKnownFileType = sourcecode.c.objc; path = WXCollectionViewManager.m; sourceTree = "<group>"; };
		58EB3A82261F0ABC00397F49 /* WXTableViewManager.m */ = {isa = PBXFileReference; fileEncoding = 4; lastKnownFileType = sourcecode.c.objc; path = WXTableViewManager.m; sourceTree = "<group>"; };
		58EB3A83261F0ABC00397F49 /* WXCollectionViewManager.h */ = {isa = PBXFileReference; fileEncoding = 4; lastKnownFileType = sourcecode.c.h; path = WXCollectionViewManager.h; sourceTree = "<group>"; };
		58EB3A84261F0ABC00397F49 /* WXTableViewManager.h */ = {isa = PBXFileReference; fileEncoding = 4; lastKnownFileType = sourcecode.c.h; path = WXTableViewManager.h; sourceTree = "<group>"; };
		58EB3A88261F0C2200397F49 /* UIScrollView+WXBlankPageView.m */ = {isa = PBXFileReference; fileEncoding = 4; lastKnownFileType = sourcecode.c.objc; path = "UIScrollView+WXBlankPageView.m"; sourceTree = "<group>"; };
		58EB3A89261F0C2200397F49 /* UIScrollView+WXBlankPageView.h */ = {isa = PBXFileReference; fileEncoding = 4; lastKnownFileType = sourcecode.c.h; path = "UIScrollView+WXBlankPageView.h"; sourceTree = "<group>"; };
		58EB3A8C261F0C3C00397F49 /* WXBlankTipView.h */ = {isa = PBXFileReference; fileEncoding = 4; lastKnownFileType = sourcecode.c.h; path = WXBlankTipView.h; sourceTree = "<group>"; };
		58EB3A8D261F0C3C00397F49 /* WXBlankTipView.m */ = {isa = PBXFileReference; fileEncoding = 4; lastKnownFileType = sourcecode.c.objc; path = WXBlankTipView.m; sourceTree = "<group>"; };
		58F7B2DA26A00E680009FBB8 /* WXNavigationVC.h */ = {isa = PBXFileReference; lastKnownFileType = sourcecode.c.h; path = WXNavigationVC.h; sourceTree = "<group>"; };
		58F7B2DB26A00E680009FBB8 /* WXNavigationVC.m */ = {isa = PBXFileReference; lastKnownFileType = sourcecode.c.objc; path = WXNavigationVC.m; sourceTree = "<group>"; };
		58F7B2DD26A0137C0009FBB8 /* WXWebViewVC.h */ = {isa = PBXFileReference; lastKnownFileType = sourcecode.c.h; path = WXWebViewVC.h; sourceTree = "<group>"; };
		58F7B2DE26A0137C0009FBB8 /* WXWebViewVC.m */ = {isa = PBXFileReference; lastKnownFileType = sourcecode.c.objc; path = WXWebViewVC.m; sourceTree = "<group>"; };
		58F7B2E126A014DF0009FBB8 /* WX_NetworkRequest.h */ = {isa = PBXFileReference; lastKnownFileType = sourcecode.c.h; path = WX_NetworkRequest.h; sourceTree = "<group>"; };
		58F7B2E226A014DF0009FBB8 /* WX_NetworkRequest.m */ = {isa = PBXFileReference; lastKnownFileType = sourcecode.c.objc; path = WX_NetworkRequest.m; sourceTree = "<group>"; };
		58F7B2E526A016290009FBB8 /* WXConstDefiner.h */ = {isa = PBXFileReference; lastKnownFileType = sourcecode.c.h; path = WXConstDefiner.h; sourceTree = "<group>"; };
		58F7B2E626A017DD0009FBB8 /* WXApiDefiner.h */ = {isa = PBXFileReference; lastKnownFileType = sourcecode.c.h; path = WXApiDefiner.h; sourceTree = "<group>"; };
		58F7B2E726A018C70009FBB8 /* WXApiHostManager.h */ = {isa = PBXFileReference; lastKnownFileType = sourcecode.c.h; path = WXApiHostManager.h; sourceTree = "<group>"; };
		58F7B2E826A018C70009FBB8 /* WXApiHostManager.m */ = {isa = PBXFileReference; lastKnownFileType = sourcecode.c.objc; path = WXApiHostManager.m; sourceTree = "<group>"; };
		58F7B2EA26A01AAE0009FBB8 /* WXDeeplinkManager.h */ = {isa = PBXFileReference; lastKnownFileType = sourcecode.c.h; path = WXDeeplinkManager.h; sourceTree = "<group>"; };
		58F7B2EB26A01AAE0009FBB8 /* WXDeeplinkManager.m */ = {isa = PBXFileReference; lastKnownFileType = sourcecode.c.objc; path = WXDeeplinkManager.m; sourceTree = "<group>"; };
		58F7B2F026A01DE60009FBB8 /* UIButton+WXExtension.h */ = {isa = PBXFileReference; lastKnownFileType = sourcecode.c.h; path = "UIButton+WXExtension.h"; sourceTree = "<group>"; };
		58F7B2F126A01DE60009FBB8 /* UIButton+WXExtension.m */ = {isa = PBXFileReference; lastKnownFileType = sourcecode.c.objc; path = "UIButton+WXExtension.m"; sourceTree = "<group>"; };
		58F7B2F326A01F760009FBB8 /* UIViewController+WXExtension.h */ = {isa = PBXFileReference; lastKnownFileType = sourcecode.c.h; path = "UIViewController+WXExtension.h"; sourceTree = "<group>"; };
		58F7B2F426A01F760009FBB8 /* UIViewController+WXExtension.m */ = {isa = PBXFileReference; lastKnownFileType = sourcecode.c.objc; path = "UIViewController+WXExtension.m"; sourceTree = "<group>"; };
		58F7B2F626A0289E0009FBB8 /* UINavigationController+FDFullscreenPopGesture.m */ = {isa = PBXFileReference; fileEncoding = 4; lastKnownFileType = sourcecode.c.objc; path = "UINavigationController+FDFullscreenPopGesture.m"; sourceTree = "<group>"; };
		58F7B2F726A0289E0009FBB8 /* UINavigationController+FDFullscreenPopGesture.h */ = {isa = PBXFileReference; fileEncoding = 4; lastKnownFileType = sourcecode.c.h; path = "UINavigationController+FDFullscreenPopGesture.h"; sourceTree = "<group>"; };
		58FBED5D24E68802003F7FE6 /* SkinZipURL.txt */ = {isa = PBXFileReference; fileEncoding = 4; lastKnownFileType = text; path = SkinZipURL.txt; sourceTree = "<group>"; };
		58FBED6524E68C2B003F7FE6 /* StudyVC1.xib */ = {isa = PBXFileReference; lastKnownFileType = file.xib; path = StudyVC1.xib; sourceTree = "<group>"; };
		58FBED6E24E6B8C8003F7FE6 /* StudyVC4.h */ = {isa = PBXFileReference; lastKnownFileType = sourcecode.c.h; path = StudyVC4.h; sourceTree = "<group>"; };
		58FBED6F24E6B8C8003F7FE6 /* StudyVC4.m */ = {isa = PBXFileReference; lastKnownFileType = sourcecode.c.objc; path = StudyVC4.m; sourceTree = "<group>"; };
		A1AA72DA700F4E9C39AA7BD3 /* Pods-StudyWorkspace.debug.xcconfig */ = {isa = PBXFileReference; includeInIndex = 1; lastKnownFileType = text.xcconfig; name = "Pods-StudyWorkspace.debug.xcconfig"; path = "Target Support Files/Pods-StudyWorkspace/Pods-StudyWorkspace.debug.xcconfig"; sourceTree = "<group>"; };
		A33E5A7A261F53C8004E3A46 /* TestFile.txt */ = {isa = PBXFileReference; fileEncoding = 4; lastKnownFileType = text; path = TestFile.txt; sourceTree = "<group>"; };
		A3A396BF2622016C00A32116 /* WXTrandCCell.h */ = {isa = PBXFileReference; lastKnownFileType = sourcecode.c.h; path = WXTrandCCell.h; sourceTree = "<group>"; };
		A3A396C02622016C00A32116 /* WXTrandCCell.m */ = {isa = PBXFileReference; lastKnownFileType = sourcecode.c.objc; path = WXTrandCCell.m; sourceTree = "<group>"; };
		ED99E3829806B653A60FC63E /* Pods-StudyWorkspace.release.xcconfig */ = {isa = PBXFileReference; includeInIndex = 1; lastKnownFileType = text.xcconfig; name = "Pods-StudyWorkspace.release.xcconfig"; path = "Target Support Files/Pods-StudyWorkspace/Pods-StudyWorkspace.release.xcconfig"; sourceTree = "<group>"; };
/* End PBXFileReference section */

/* Begin PBXFrameworksBuildPhase section */
		58695C2C24E6683000155B80 /* Frameworks */ = {
			isa = PBXFrameworksBuildPhase;
			buildActionMask = 2147483647;
			files = (
				06E7F3C312D3A87001E9E8D3 /* libPods-StudyWorkspace.a in Frameworks */,
			);
			runOnlyForDeploymentPostprocessing = 0;
		};
/* End PBXFrameworksBuildPhase section */

/* Begin PBXGroup section */
		580E844624F8D767003E6E0C /* WXStudyBaseVC3 */ = {
			isa = PBXGroup;
			children = (
				580E844324F8D75C003E6E0C /* WXStudyTabBarVC3.h */,
				580E844424F8D75C003E6E0C /* WXStudyTabBarVC3.m */,
			);
			path = WXStudyBaseVC3;
			sourceTree = "<group>";
		};
		5811050B24EB6B6E006EB5FA /* Category */ = {
			isa = PBXGroup;
			children = (
				5893D22524EA6BFE0005E1AF /* UITabBar+BadgeView.h */,
				5893D22424EA6BFE0005E1AF /* UITabBar+BadgeView.m */,
				5893D0E524EA59C30005E1AF /* UIView+WXExtension.h */,
				5893D0E424EA59C30005E1AF /* UIView+WXExtension.m */,
				5893D21624EA68980005E1AF /* UITabBarController+WXConvertSkin.h */,
				5893D21724EA68980005E1AF /* UITabBarController+WXConvertSkin.m */,
				58F7B2F326A01F760009FBB8 /* UIViewController+WXExtension.h */,
				58F7B2F426A01F760009FBB8 /* UIViewController+WXExtension.m */,
				58F7B2F726A0289E0009FBB8 /* UINavigationController+FDFullscreenPopGesture.h */,
				58F7B2F626A0289E0009FBB8 /* UINavigationController+FDFullscreenPopGesture.m */,
				5811051124EB6BAC006EB5FA /* UIButton+WXShortcut.h */,
				5811050D24EB6BAC006EB5FA /* UIButton+WXShortcut.m */,
				58F7B2F026A01DE60009FBB8 /* UIButton+WXExtension.h */,
				58F7B2F126A01DE60009FBB8 /* UIButton+WXExtension.m */,
				5811050E24EB6BAC006EB5FA /* UILabel+WXShortcut.h */,
				5811051024EB6BAC006EB5FA /* UILabel+WXShortcut.m */,
				5811050F24EB6BAC006EB5FA /* UITextField+Extension.h */,
				5811050C24EB6BAC006EB5FA /* UITextField+Extension.m */,
				5811051524EB6D1F006EB5FA /* NSString+Extension.h */,
				5811051624EB6D1F006EB5FA /* NSString+Extension.m */,
				5811051C24EB70C0006EB5FA /* UILabel+HTML.h */,
				5811051D24EB70C0006EB5FA /* UILabel+HTML.m */,
				5811052624EB725E006EB5FA /* NSDictionary+SafeAccess.h */,
				5811052524EB725E006EB5FA /* NSDictionary+SafeAccess.m */,
				5860C1BA2509FD4D00C5A634 /* UIWindow+Lookin.h */,
				5860C1BB2509FD4D00C5A634 /* UIWindow+Lookin.m */,
				58EB3A7D261F015700397F49 /* NSObject+Swizzling.h */,
				58EB3A7E261F015700397F49 /* NSObject+Swizzling.m */,
				58EB3A8C261F0C3C00397F49 /* WXBlankTipView.h */,
				58EB3A8D261F0C3C00397F49 /* WXBlankTipView.m */,
				58EB3A89261F0C2200397F49 /* UIScrollView+WXBlankPageView.h */,
				58EB3A88261F0C2200397F49 /* UIScrollView+WXBlankPageView.m */,
				58C82D142628332700AC3EA0 /* UIImage+Extension.h */,
				58C82D152628332700AC3EA0 /* UIImage+Extension.m */,
			);
			path = Category;
			sourceTree = "<group>";
		};
		5811051B24EB6F83006EB5FA /* Tools */ = {
			isa = PBXGroup;
			children = (
				5893D22724EA6C360005E1AF /* WXFileManager.h */,
				5893D22824EA6C360005E1AF /* WXFileManager.m */,
				58EB3A84261F0ABC00397F49 /* WXTableViewManager.h */,
				58EB3A82261F0ABC00397F49 /* WXTableViewManager.m */,
				58EB3A83261F0ABC00397F49 /* WXCollectionViewManager.h */,
				58EB3A81261F0ABC00397F49 /* WXCollectionViewManager.m */,
				5811051824EB6F6D006EB5FA /* CHTCollectionViewWaterfallLayout.h */,
				5811051924EB6F6D006EB5FA /* CHTCollectionViewWaterfallLayout.m */,
				58EB3A6C261EE66100397F49 /* WXCFunctionTool.h */,
				58EB3A6D261EE66100397F49 /* WXCFunctionTool.m */,
				5811052324EB71DD006EB5FA /* NSObjectSafe.h */,
				5811052224EB71DD006EB5FA /* NSObjectSafe.m */,
			);
			path = Tools;
			sourceTree = "<group>";
		};
		58695C2624E6683000155B80 = {
			isa = PBXGroup;
			children = (
				58695C3124E6683000155B80 /* StudyWorkspace */,
				58695C3024E6683000155B80 /* Products */,
				D6FEFC3C6C6EF7D4CB3376F3 /* Pods */,
				B0AF3CBD662629030743D43A /* Frameworks */,
			);
			sourceTree = "<group>";
		};
		58695C3024E6683000155B80 /* Products */ = {
			isa = PBXGroup;
			children = (
				58695C2F24E6683000155B80 /* StudyWorkspace.app */,
			);
			name = Products;
			sourceTree = "<group>";
		};
		58695C3124E6683000155B80 /* StudyWorkspace */ = {
			isa = PBXGroup;
			children = (
				5893D22324EA6B030005E1AF /* StudyTabBarVC */,
				58695C4D24E6687B00155B80 /* View */,
				58695C4E24E6687B00155B80 /* Model */,
				58DB51E124E674A900F71C56 /* Others */,
				58695C4B24E6687B00155B80 /* Main */,
				5893D0E724EA5A0C0005E1AF /* HeadDefiner */,
				58FBED5F24E68B99003F7FE6 /* SupportingFiles */,
			);
			path = StudyWorkspace;
			sourceTree = "<group>";
		};
		58695C4B24E6687B00155B80 /* Main */ = {
			isa = PBXGroup;
			children = (
				58695C3224E6683000155B80 /* AppDelegate.h */,
				58695C3324E6683000155B80 /* AppDelegate.m */,
				5893D0EF24EA62610005E1AF /* SlideAppTabBarVC.h */,
				5893D0F024EA62610005E1AF /* SlideAppTabBarVC.m */,
				58695C5224E66C3E00155B80 /* WXStudyBaseVC.h */,
				58695C5324E66C3E00155B80 /* WXStudyBaseVC.m */,
				58F7B2DA26A00E680009FBB8 /* WXNavigationVC.h */,
				58F7B2DB26A00E680009FBB8 /* WXNavigationVC.m */,
				58F7B2DD26A0137C0009FBB8 /* WXWebViewVC.h */,
				58F7B2DE26A0137C0009FBB8 /* WXWebViewVC.m */,
				58F7B2EA26A01AAE0009FBB8 /* WXDeeplinkManager.h */,
				58F7B2EB26A01AAE0009FBB8 /* WXDeeplinkManager.m */,
			);
			path = Main;
			sourceTree = "<group>";
		};
		58695C4C24E6687B00155B80 /* StudyTabBarVC1 */ = {
			isa = PBXGroup;
			children = (
				58695C3824E6683000155B80 /* StudyMainVC.h */,
				58695C3924E6683000155B80 /* StudyMainVC.m */,
				58695C5524E66CAF00155B80 /* StudyVC1.h */,
				58695C5624E66CAF00155B80 /* StudyVC1.m */,
				58FBED6524E68C2B003F7FE6 /* StudyVC1.xib */,
				58695C5824E66CBE00155B80 /* StudyVC2.h */,
				58695C5924E66CBE00155B80 /* StudyVC2.m */,
				58695C5B24E66CCB00155B80 /* StudyVC3.h */,
				58695C5C24E66CCB00155B80 /* StudyVC3.m */,
				58FBED6E24E6B8C8003F7FE6 /* StudyVC4.h */,
				58FBED6F24E6B8C8003F7FE6 /* StudyVC4.m */,
				5893D0B424EA52610005E1AF /* StudyVC5.h */,
				5893D0B524EA52610005E1AF /* StudyVC5.m */,
				5893D0B724EA53860005E1AF /* StudyVC6.h */,
				5893D0B824EA53860005E1AF /* StudyVC6.m */,
				5893D0C624EA55CE0005E1AF /* StudyVC7.h */,
				5893D0BF24EA55CE0005E1AF /* StudyVC7.m */,
				5893D0C324EA55CE0005E1AF /* StudyVC7.xib */,
				5893D0C024EA55CE0005E1AF /* StudyVC8.h */,
				5893D0C824EA55CE0005E1AF /* StudyVC8.m */,
				5893D0C924EA55CF0005E1AF /* StudyVC8.xib */,
				5893D0C224EA55CE0005E1AF /* StudyVC9.h */,
				5893D0C124EA55CE0005E1AF /* StudyVC9.m */,
				5893D0C524EA55CE0005E1AF /* StudyVC9.xib */,
				5893D0BB24EA55CE0005E1AF /* StudyVC10.h */,
				5893D0C424EA55CE0005E1AF /* StudyVC10.m */,
				5893D0BC24EA55CE0005E1AF /* StudyVC10.xib */,
				5893D0C724EA55CE0005E1AF /* StudyVC11.h */,
				5893D0BE24EA55CE0005E1AF /* StudyVC11.m */,
				5893D0BD24EA55CE0005E1AF /* StudyVC11.xib */,
				5893D0CB24EA55CF0005E1AF /* StudyVC12.h */,
				5893D0BA24EA55CE0005E1AF /* StudyVC12.m */,
				5893D0CA24EA55CF0005E1AF /* StudyVC12.xib */,
				5893D0F324EA65B60005E1AF /* StudyVC13.h */,
				5893D0F224EA65B60005E1AF /* StudyVC13.m */,
				5893D0F424EA65B60005E1AF /* StudyVC13.xib */,
				586382952626D7E80078C5CC /* StudyVC14.h */,
				586382962626D7E80078C5CC /* StudyVC14.m */,
				58B5BD9C2639412F00865250 /* StudyVC15.h */,
				58B5BD9D2639412F00865250 /* StudyVC15.m */,
			);
			path = StudyTabBarVC1;
			sourceTree = "<group>";
		};
		58695C4D24E6687B00155B80 /* View */ = {
			isa = PBXGroup;
			children = (
				58DB51E524E677C900F71C56 /* WXStudyCell.h */,
				58DB51E624E677C900F71C56 /* WXStudyCell.m */,
				58DB51E724E677C900F71C56 /* WXStudyCell.xib */,
				580E844724F8D9CE003E6E0C /* WXCollectionViewCell.h */,
				580E844824F8D9CE003E6E0C /* WXCollectionViewCell.m */,
				580E844924F8D9CE003E6E0C /* WXCollectionViewCell.xib */,
				A3A396BF2622016C00A32116 /* WXTrandCCell.h */,
				A3A396C02622016C00A32116 /* WXTrandCCell.m */,
				580E844F24F900E4003E6E0C /* StudyTmpView.h */,
				580E845024F900E4003E6E0C /* StudyTmpView.m */,
				580E845224F900FC003E6E0C /* StudyTmpView.xib */,
				5893D0DB24EA55DA0005E1AF /* ChartLineInfoView.h */,
				5893D0D924EA55D90005E1AF /* ChartLineInfoView.m */,
				5893D0DA24EA55D90005E1AF /* LukeLayer.h */,
				5893D0DE24EA55DA0005E1AF /* LukeLayer.m */,
				5893D0D824EA55D90005E1AF /* LukeView.h */,
				5893D0DC24EA55DA0005E1AF /* LukeView.m */,
				5893D0DF24EA55DA0005E1AF /* DrawPathView.h */,
				5893D0DD24EA55DA0005E1AF /* DrawPathView.m */,
			);
			path = View;
			sourceTree = "<group>";
		};
		58695C4E24E6687B00155B80 /* Model */ = {
			isa = PBXGroup;
			children = (
				5893D21A24EA68AE0005E1AF /* WXTabBarInfoModel.h */,
				5893D21924EA68AE0005E1AF /* WXTabBarInfoModel.m */,
				5893D21C24EA69700005E1AF /* WXTabBarSkinModel.h */,
				5893D21D24EA69700005E1AF /* WXTabBarSkinModel.m */,
				58DB51EA24E6791A00F71C56 /* WXDataModel.h */,
				58DB51EB24E6791A00F71C56 /* WXDataModel.m */,
			);
			path = Model;
			sourceTree = "<group>";
		};
		5893D0E724EA5A0C0005E1AF /* HeadDefiner */ = {
			isa = PBXGroup;
			children = (
				5893D0EA24EA5A0C0005E1AF /* WXPublicHeader.h */,
				58EB3A70261EE6EC00397F49 /* WXMacroDefiner.h */,
				58F7B2E526A016290009FBB8 /* WXConstDefiner.h */,
				5893D0EC24EA5A0C0005E1AF /* WXColorDefiner.h */,
				5893D0ED24EA5A0C0005E1AF /* WXFrameDefiner.h */,
			);
			path = HeadDefiner;
			sourceTree = "<group>";
		};
		5893D22224EA6AEA0005E1AF /* StudyTabBarVC2 */ = {
			isa = PBXGroup;
			children = (
				5893D21F24EA6AE40005E1AF /* WXStudyTabBarVC2.h */,
				5893D22024EA6AE40005E1AF /* WXStudyTabBarVC2.m */,
				5893D22A24EA771C0005E1AF /* WXStudyTabBarVC2.xib */,
			);
			path = StudyTabBarVC2;
			sourceTree = "<group>";
		};
		5893D22324EA6B030005E1AF /* StudyTabBarVC */ = {
			isa = PBXGroup;
			children = (
				58695C4C24E6687B00155B80 /* StudyTabBarVC1 */,
				5893D22224EA6AEA0005E1AF /* StudyTabBarVC2 */,
				580E844624F8D767003E6E0C /* WXStudyBaseVC3 */,
			);
			path = StudyTabBarVC;
			sourceTree = "<group>";
		};
		58DB51E124E674A900F71C56 /* Others */ = {
			isa = PBXGroup;
			children = (
				58F7B2E026A014670009FBB8 /* Network */,
				5811050B24EB6B6E006EB5FA /* Category */,
				5811051B24EB6F83006EB5FA /* Tools */,
			);
			path = Others;
			sourceTree = "<group>";
		};
		58F7B2E026A014670009FBB8 /* Network */ = {
			isa = PBXGroup;
			children = (
				58F7B2E626A017DD0009FBB8 /* WXApiDefiner.h */,
				58F7B2E726A018C70009FBB8 /* WXApiHostManager.h */,
				58F7B2E826A018C70009FBB8 /* WXApiHostManager.m */,
				58F7B2E126A014DF0009FBB8 /* WX_NetworkRequest.h */,
				58F7B2E226A014DF0009FBB8 /* WX_NetworkRequest.m */,
			);
			path = Network;
			sourceTree = "<group>";
		};
		58FBED5F24E68B99003F7FE6 /* SupportingFiles */ = {
			isa = PBXGroup;
			children = (
				58FBED5D24E68802003F7FE6 /* SkinZipURL.txt */,
				A33E5A7A261F53C8004E3A46 /* TestFile.txt */,
				58695C3E24E6683100155B80 /* Assets.xcassets */,
				58695C4024E6683100155B80 /* LaunchScreen.storyboard */,
				58695C4324E6683100155B80 /* Info.plist */,
				58695C4424E6683100155B80 /* main.m */,
			);
			path = SupportingFiles;
			sourceTree = "<group>";
		};
		B0AF3CBD662629030743D43A /* Frameworks */ = {
			isa = PBXGroup;
			children = (
				05E7B8910ABCC69F72DE7163 /* libPods-StudyWorkspace.a */,
			);
			name = Frameworks;
			sourceTree = "<group>";
		};
		D6FEFC3C6C6EF7D4CB3376F3 /* Pods */ = {
			isa = PBXGroup;
			children = (
				A1AA72DA700F4E9C39AA7BD3 /* Pods-StudyWorkspace.debug.xcconfig */,
				ED99E3829806B653A60FC63E /* Pods-StudyWorkspace.release.xcconfig */,
			);
			path = Pods;
			sourceTree = "<group>";
		};
/* End PBXGroup section */

/* Begin PBXNativeTarget section */
		58695C2E24E6683000155B80 /* StudyWorkspace */ = {
			isa = PBXNativeTarget;
			buildConfigurationList = 58695C4824E6683100155B80 /* Build configuration list for PBXNativeTarget "StudyWorkspace" */;
			buildPhases = (
				17BB9A487DC27CBF3FDA9915 /* [CP] Check Pods Manifest.lock */,
				58695C2B24E6683000155B80 /* Sources */,
				58695C2C24E6683000155B80 /* Frameworks */,
				58695C2D24E6683000155B80 /* Resources */,
				C002DFFE71C0915E22216B18 /* [CP] Embed Pods Frameworks */,
				D6C266B0C5F0B4DE53A8CEED /* [CP] Copy Pods Resources */,
			);
			buildRules = (
			);
			dependencies = (
			);
			name = StudyWorkspace;
			productName = StudyWorkspace;
			productReference = 58695C2F24E6683000155B80 /* StudyWorkspace.app */;
			productType = "com.apple.product-type.application";
		};
/* End PBXNativeTarget section */

/* Begin PBXProject section */
		58695C2724E6683000155B80 /* Project object */ = {
			isa = PBXProject;
			attributes = {
				CLASSPREFIX = Study;
				LastUpgradeCheck = 1160;
				ORGANIZATIONNAME = MaoWX;
				TargetAttributes = {
					58695C2E24E6683000155B80 = {
						CreatedOnToolsVersion = 11.6;
					};
				};
			};
			buildConfigurationList = 58695C2A24E6683000155B80 /* Build configuration list for PBXProject "StudyWorkspace" */;
			compatibilityVersion = "Xcode 9.3";
			developmentRegion = en;
			hasScannedForEncodings = 0;
			knownRegions = (
				en,
				Base,
			);
			mainGroup = 58695C2624E6683000155B80;
			productRefGroup = 58695C3024E6683000155B80 /* Products */;
			projectDirPath = "";
			projectRoot = "";
			targets = (
				58695C2E24E6683000155B80 /* StudyWorkspace */,
			);
		};
/* End PBXProject section */

/* Begin PBXResourcesBuildPhase section */
		58695C2D24E6683000155B80 /* Resources */ = {
			isa = PBXResourcesBuildPhase;
			buildActionMask = 2147483647;
			files = (
				5893D0D624EA55CF0005E1AF /* StudyVC8.xib in Resources */,
				58FBED5E24E68802003F7FE6 /* SkinZipURL.txt in Resources */,
				5893D0CD24EA55CF0005E1AF /* StudyVC10.xib in Resources */,
				A33E5A7B261F53C8004E3A46 /* TestFile.txt in Resources */,
				58DB51E924E677C900F71C56 /* WXStudyCell.xib in Resources */,
				5893D22B24EA771C0005E1AF /* WXStudyTabBarVC2.xib in Resources */,
				580E844B24F8D9CE003E6E0C /* WXCollectionViewCell.xib in Resources */,
				58695C6124E66E6600155B80 /* LaunchScreen.storyboard in Resources */,
				58FBED6624E68C2B003F7FE6 /* StudyVC1.xib in Resources */,
				580E845324F900FC003E6E0C /* StudyTmpView.xib in Resources */,
				58695C3F24E6683100155B80 /* Assets.xcassets in Resources */,
				5893D0D424EA55CF0005E1AF /* StudyVC9.xib in Resources */,
				5893D0CE24EA55CF0005E1AF /* StudyVC11.xib in Resources */,
				5893D0F624EA65B60005E1AF /* StudyVC13.xib in Resources */,
				5893D0D224EA55CF0005E1AF /* StudyVC7.xib in Resources */,
				5893D0D724EA55CF0005E1AF /* StudyVC12.xib in Resources */,
			);
			runOnlyForDeploymentPostprocessing = 0;
		};
/* End PBXResourcesBuildPhase section */

/* Begin PBXShellScriptBuildPhase section */
		17BB9A487DC27CBF3FDA9915 /* [CP] Check Pods Manifest.lock */ = {
			isa = PBXShellScriptBuildPhase;
			buildActionMask = 2147483647;
			files = (
			);
			inputFileListPaths = (
			);
			inputPaths = (
				"${PODS_PODFILE_DIR_PATH}/Podfile.lock",
				"${PODS_ROOT}/Manifest.lock",
			);
			name = "[CP] Check Pods Manifest.lock";
			outputFileListPaths = (
			);
			outputPaths = (
				"$(DERIVED_FILE_DIR)/Pods-StudyWorkspace-checkManifestLockResult.txt",
			);
			runOnlyForDeploymentPostprocessing = 0;
			shellPath = /bin/sh;
			shellScript = "diff \"${PODS_PODFILE_DIR_PATH}/Podfile.lock\" \"${PODS_ROOT}/Manifest.lock\" > /dev/null\nif [ $? != 0 ] ; then\n    # print error to STDERR\n    echo \"error: The sandbox is not in sync with the Podfile.lock. Run 'pod install' or update your CocoaPods installation.\" >&2\n    exit 1\nfi\n# This output is used by Xcode 'outputs' to avoid re-running this script phase.\necho \"SUCCESS\" > \"${SCRIPT_OUTPUT_FILE_0}\"\n";
			showEnvVarsInLog = 0;
		};
		C002DFFE71C0915E22216B18 /* [CP] Embed Pods Frameworks */ = {
			isa = PBXShellScriptBuildPhase;
			buildActionMask = 2147483647;
			files = (
			);
			inputFileListPaths = (
				"${PODS_ROOT}/Target Support Files/Pods-StudyWorkspace/Pods-StudyWorkspace-frameworks-${CONFIGURATION}-input-files.xcfilelist",
			);
			name = "[CP] Embed Pods Frameworks";
			outputFileListPaths = (
				"${PODS_ROOT}/Target Support Files/Pods-StudyWorkspace/Pods-StudyWorkspace-frameworks-${CONFIGURATION}-output-files.xcfilelist",
			);
			runOnlyForDeploymentPostprocessing = 0;
			shellPath = /bin/sh;
			shellScript = "\"${PODS_ROOT}/Target Support Files/Pods-StudyWorkspace/Pods-StudyWorkspace-frameworks.sh\"\n";
			showEnvVarsInLog = 0;
		};
		D6C266B0C5F0B4DE53A8CEED /* [CP] Copy Pods Resources */ = {
			isa = PBXShellScriptBuildPhase;
			buildActionMask = 2147483647;
			files = (
			);
			inputFileListPaths = (
				"${PODS_ROOT}/Target Support Files/Pods-StudyWorkspace/Pods-StudyWorkspace-resources-${CONFIGURATION}-input-files.xcfilelist",
			);
			name = "[CP] Copy Pods Resources";
			outputFileListPaths = (
				"${PODS_ROOT}/Target Support Files/Pods-StudyWorkspace/Pods-StudyWorkspace-resources-${CONFIGURATION}-output-files.xcfilelist",
			);
			runOnlyForDeploymentPostprocessing = 0;
			shellPath = /bin/sh;
			shellScript = "\"${PODS_ROOT}/Target Support Files/Pods-StudyWorkspace/Pods-StudyWorkspace-resources.sh\"\n";
			showEnvVarsInLog = 0;
		};
/* End PBXShellScriptBuildPhase section */

/* Begin PBXSourcesBuildPhase section */
		58695C2B24E6683000155B80 /* Sources */ = {
			isa = PBXSourcesBuildPhase;
			buildActionMask = 2147483647;
			files = (
				58695C3A24E6683000155B80 /* StudyMainVC.m in Sources */,
				58EB3A8A261F0C2200397F49 /* UIScrollView+WXBlankPageView.m in Sources */,
				58695C5724E66CAF00155B80 /* StudyVC1.m in Sources */,
				58695C5D24E66CCB00155B80 /* StudyVC3.m in Sources */,
				5893D0B924EA53870005E1AF /* StudyVC6.m in Sources */,
				5893D0F524EA65B60005E1AF /* StudyVC13.m in Sources */,
				5893D0E024EA55DA0005E1AF /* ChartLineInfoView.m in Sources */,
				5811051424EB6BAC006EB5FA /* UILabel+WXShortcut.m in Sources */,
				580E844A24F8D9CE003E6E0C /* WXCollectionViewCell.m in Sources */,
				5811051E24EB70C0006EB5FA /* UILabel+HTML.m in Sources */,
				5893D22624EA6BFE0005E1AF /* UITabBar+BadgeView.m in Sources */,
				5811052724EB725E006EB5FA /* NSDictionary+SafeAccess.m in Sources */,
				58FBED7024E6B8C8003F7FE6 /* StudyVC4.m in Sources */,
				58F7B2E926A018C70009FBB8 /* WXApiHostManager.m in Sources */,
				5893D21824EA68980005E1AF /* UITabBarController+WXConvertSkin.m in Sources */,
				5860C1BC2509FD4D00C5A634 /* UIWindow+Lookin.m in Sources */,
				5893D0F124EA62610005E1AF /* SlideAppTabBarVC.m in Sources */,
				58F7B2F526A01F760009FBB8 /* UIViewController+WXExtension.m in Sources */,
				58695C5424E66C3E00155B80 /* WXStudyBaseVC.m in Sources */,
				58DB51EC24E6791A00F71C56 /* WXDataModel.m in Sources */,
				586382972626D7E80078C5CC /* StudyVC14.m in Sources */,
				5811051724EB6D20006EB5FA /* NSString+Extension.m in Sources */,
				5893D22124EA6AE40005E1AF /* WXStudyTabBarVC2.m in Sources */,
				5893D0CC24EA55CF0005E1AF /* StudyVC12.m in Sources */,
				5893D0E224EA55DA0005E1AF /* DrawPathView.m in Sources */,
				58F7B2E326A014DF0009FBB8 /* WX_NetworkRequest.m in Sources */,
				58EB3A85261F0ABC00397F49 /* WXCollectionViewManager.m in Sources */,
				58EB3A8E261F0C3C00397F49 /* WXBlankTipView.m in Sources */,
				58EB3A6E261EE66100397F49 /* WXCFunctionTool.m in Sources */,
				5893D21E24EA69700005E1AF /* WXTabBarSkinModel.m in Sources */,
				5811051224EB6BAC006EB5FA /* UITextField+Extension.m in Sources */,
				5893D21B24EA68AE0005E1AF /* WXTabBarInfoModel.m in Sources */,
				58F7B2DC26A00E680009FBB8 /* WXNavigationVC.m in Sources */,
				5811051A24EB6F6D006EB5FA /* CHTCollectionViewWaterfallLayout.m in Sources */,
				58F7B2DF26A0137C0009FBB8 /* WXWebViewVC.m in Sources */,
				58695C3424E6683000155B80 /* AppDelegate.m in Sources */,
				5893D0E324EA55DA0005E1AF /* LukeLayer.m in Sources */,
				5893D0B624EA52610005E1AF /* StudyVC5.m in Sources */,
				58EB3A86261F0ABC00397F49 /* WXTableViewManager.m in Sources */,
				58F7B2F226A01DE60009FBB8 /* UIButton+WXExtension.m in Sources */,
				5811051324EB6BAC006EB5FA /* UIButton+WXShortcut.m in Sources */,
				58695C4524E6683100155B80 /* main.m in Sources */,
				580E844524F8D75C003E6E0C /* WXStudyTabBarVC3.m in Sources */,
				5893D0E124EA55DA0005E1AF /* LukeView.m in Sources */,
				58695C5A24E66CBE00155B80 /* StudyVC2.m in Sources */,
				5893D0D024EA55CF0005E1AF /* StudyVC7.m in Sources */,
				58B5BD9E2639412F00865250 /* StudyVC15.m in Sources */,
				5893D0D524EA55CF0005E1AF /* StudyVC8.m in Sources */,
				58EB3A7F261F015700397F49 /* NSObject+Swizzling.m in Sources */,
				5893D22924EA6C360005E1AF /* WXFileManager.m in Sources */,
				5811052424EB71DD006EB5FA /* NSObjectSafe.m in Sources */,
				5893D0D324EA55CF0005E1AF /* StudyVC10.m in Sources */,
				58DB51E824E677C900F71C56 /* WXStudyCell.m in Sources */,
				5893D0E624EA59C40005E1AF /* UIView+WXExtension.m in Sources */,
				58F7B2F826A0289E0009FBB8 /* UINavigationController+FDFullscreenPopGesture.m in Sources */,
				58C82D162628332700AC3EA0 /* UIImage+Extension.m in Sources */,
				A3A396C12622016C00A32116 /* WXTrandCCell.m in Sources */,
				580E845124F900E4003E6E0C /* StudyTmpView.m in Sources */,
				5893D0D124EA55CF0005E1AF /* StudyVC9.m in Sources */,
				58F7B2EC26A01AAE0009FBB8 /* WXDeeplinkManager.m in Sources */,
				5893D0CF24EA55CF0005E1AF /* StudyVC11.m in Sources */,
			);
			runOnlyForDeploymentPostprocessing = 0;
		};
/* End PBXSourcesBuildPhase section */

/* Begin PBXVariantGroup section */
		58695C4024E6683100155B80 /* LaunchScreen.storyboard */ = {
			isa = PBXVariantGroup;
			children = (
				58695C4124E6683100155B80 /* Base */,
			);
			name = LaunchScreen.storyboard;
			sourceTree = "<group>";
		};
/* End PBXVariantGroup section */

/* Begin XCBuildConfiguration section */
		58695C4624E6683100155B80 /* Debug */ = {
			isa = XCBuildConfiguration;
			buildSettings = {
				ALWAYS_SEARCH_USER_PATHS = NO;
				CLANG_ANALYZER_NONNULL = YES;
				CLANG_ANALYZER_NUMBER_OBJECT_CONVERSION = YES_AGGRESSIVE;
				CLANG_CXX_LANGUAGE_STANDARD = "gnu++14";
				CLANG_CXX_LIBRARY = "libc++";
				CLANG_ENABLE_MODULES = YES;
				CLANG_ENABLE_OBJC_ARC = YES;
				CLANG_ENABLE_OBJC_WEAK = YES;
				CLANG_WARN_BLOCK_CAPTURE_AUTORELEASING = YES;
				CLANG_WARN_BOOL_CONVERSION = YES;
				CLANG_WARN_COMMA = YES;
				CLANG_WARN_CONSTANT_CONVERSION = YES;
				CLANG_WARN_DEPRECATED_OBJC_IMPLEMENTATIONS = YES;
				CLANG_WARN_DIRECT_OBJC_ISA_USAGE = YES_ERROR;
				CLANG_WARN_DOCUMENTATION_COMMENTS = YES;
				CLANG_WARN_EMPTY_BODY = YES;
				CLANG_WARN_ENUM_CONVERSION = YES;
				CLANG_WARN_INFINITE_RECURSION = YES;
				CLANG_WARN_INT_CONVERSION = YES;
				CLANG_WARN_NON_LITERAL_NULL_CONVERSION = YES;
				CLANG_WARN_OBJC_IMPLICIT_RETAIN_SELF = YES;
				CLANG_WARN_OBJC_LITERAL_CONVERSION = YES;
				CLANG_WARN_OBJC_ROOT_CLASS = YES_ERROR;
				CLANG_WARN_RANGE_LOOP_ANALYSIS = YES;
				CLANG_WARN_STRICT_PROTOTYPES = YES;
				CLANG_WARN_SUSPICIOUS_MOVE = YES;
				CLANG_WARN_UNGUARDED_AVAILABILITY = YES_AGGRESSIVE;
				CLANG_WARN_UNREACHABLE_CODE = YES;
				CLANG_WARN__DUPLICATE_METHOD_MATCH = YES;
				COPY_PHASE_STRIP = NO;
				DEBUG_INFORMATION_FORMAT = dwarf;
				ENABLE_STRICT_OBJC_MSGSEND = YES;
				ENABLE_TESTABILITY = YES;
				GCC_C_LANGUAGE_STANDARD = gnu11;
				GCC_DYNAMIC_NO_PIC = NO;
				GCC_NO_COMMON_BLOCKS = YES;
				GCC_OPTIMIZATION_LEVEL = 0;
				GCC_PREPROCESSOR_DEFINITIONS = (
					"DEBUG=1",
					"$(inherited)",
				);
				GCC_WARN_64_TO_32_BIT_CONVERSION = YES;
				GCC_WARN_ABOUT_RETURN_TYPE = YES_ERROR;
				GCC_WARN_UNDECLARED_SELECTOR = YES;
				GCC_WARN_UNINITIALIZED_AUTOS = YES_AGGRESSIVE;
				GCC_WARN_UNUSED_FUNCTION = YES;
				GCC_WARN_UNUSED_VARIABLE = YES;
				IPHONEOS_DEPLOYMENT_TARGET = 13.6;
				MTL_ENABLE_DEBUG_INFO = INCLUDE_SOURCE;
				MTL_FAST_MATH = YES;
				ONLY_ACTIVE_ARCH = YES;
				SDKROOT = iphoneos;
			};
			name = Debug;
		};
		58695C4724E6683100155B80 /* Release */ = {
			isa = XCBuildConfiguration;
			buildSettings = {
				ALWAYS_SEARCH_USER_PATHS = NO;
				CLANG_ANALYZER_NONNULL = YES;
				CLANG_ANALYZER_NUMBER_OBJECT_CONVERSION = YES_AGGRESSIVE;
				CLANG_CXX_LANGUAGE_STANDARD = "gnu++14";
				CLANG_CXX_LIBRARY = "libc++";
				CLANG_ENABLE_MODULES = YES;
				CLANG_ENABLE_OBJC_ARC = YES;
				CLANG_ENABLE_OBJC_WEAK = YES;
				CLANG_WARN_BLOCK_CAPTURE_AUTORELEASING = YES;
				CLANG_WARN_BOOL_CONVERSION = YES;
				CLANG_WARN_COMMA = YES;
				CLANG_WARN_CONSTANT_CONVERSION = YES;
				CLANG_WARN_DEPRECATED_OBJC_IMPLEMENTATIONS = YES;
				CLANG_WARN_DIRECT_OBJC_ISA_USAGE = YES_ERROR;
				CLANG_WARN_DOCUMENTATION_COMMENTS = YES;
				CLANG_WARN_EMPTY_BODY = YES;
				CLANG_WARN_ENUM_CONVERSION = YES;
				CLANG_WARN_INFINITE_RECURSION = YES;
				CLANG_WARN_INT_CONVERSION = YES;
				CLANG_WARN_NON_LITERAL_NULL_CONVERSION = YES;
				CLANG_WARN_OBJC_IMPLICIT_RETAIN_SELF = YES;
				CLANG_WARN_OBJC_LITERAL_CONVERSION = YES;
				CLANG_WARN_OBJC_ROOT_CLASS = YES_ERROR;
				CLANG_WARN_RANGE_LOOP_ANALYSIS = YES;
				CLANG_WARN_STRICT_PROTOTYPES = YES;
				CLANG_WARN_SUSPICIOUS_MOVE = YES;
				CLANG_WARN_UNGUARDED_AVAILABILITY = YES_AGGRESSIVE;
				CLANG_WARN_UNREACHABLE_CODE = YES;
				CLANG_WARN__DUPLICATE_METHOD_MATCH = YES;
				COPY_PHASE_STRIP = NO;
				DEBUG_INFORMATION_FORMAT = "dwarf-with-dsym";
				ENABLE_NS_ASSERTIONS = NO;
				ENABLE_STRICT_OBJC_MSGSEND = YES;
				GCC_C_LANGUAGE_STANDARD = gnu11;
				GCC_NO_COMMON_BLOCKS = YES;
				GCC_WARN_64_TO_32_BIT_CONVERSION = YES;
				GCC_WARN_ABOUT_RETURN_TYPE = YES_ERROR;
				GCC_WARN_UNDECLARED_SELECTOR = YES;
				GCC_WARN_UNINITIALIZED_AUTOS = YES_AGGRESSIVE;
				GCC_WARN_UNUSED_FUNCTION = YES;
				GCC_WARN_UNUSED_VARIABLE = YES;
				IPHONEOS_DEPLOYMENT_TARGET = 13.6;
				MTL_ENABLE_DEBUG_INFO = NO;
				MTL_FAST_MATH = YES;
				SDKROOT = iphoneos;
				VALIDATE_PRODUCT = YES;
			};
			name = Release;
		};
		58695C4924E6683100155B80 /* Debug */ = {
			isa = XCBuildConfiguration;
			baseConfigurationReference = A1AA72DA700F4E9C39AA7BD3 /* Pods-StudyWorkspace.debug.xcconfig */;
			buildSettings = {
				ASSETCATALOG_COMPILER_APPICON_NAME = AppIcon;
				CODE_SIGN_STYLE = Automatic;
				DEVELOPMENT_TEAM = P8FFNR95EQ;
				INFOPLIST_FILE = StudyWorkspace/SupportingFiles/Info.plist;
				IPHONEOS_DEPLOYMENT_TARGET = 9.0;
				LD_RUNPATH_SEARCH_PATHS = (
					"$(inherited)",
					"@executable_path/Frameworks",
				);
				PRODUCT_BUNDLE_IDENTIFIER = com.mwx.StudyWorkspace;
				PRODUCT_NAME = "$(TARGET_NAME)";
				TARGETED_DEVICE_FAMILY = 1;
			};
			name = Debug;
		};
		58695C4A24E6683100155B80 /* Release */ = {
			isa = XCBuildConfiguration;
			baseConfigurationReference = ED99E3829806B653A60FC63E /* Pods-StudyWorkspace.release.xcconfig */;
			buildSettings = {
				ASSETCATALOG_COMPILER_APPICON_NAME = AppIcon;
				CODE_SIGN_STYLE = Automatic;
				DEVELOPMENT_TEAM = P8FFNR95EQ;
				INFOPLIST_FILE = StudyWorkspace/SupportingFiles/Info.plist;
				IPHONEOS_DEPLOYMENT_TARGET = 9.0;
				LD_RUNPATH_SEARCH_PATHS = (
					"$(inherited)",
					"@executable_path/Frameworks",
				);
				PRODUCT_BUNDLE_IDENTIFIER = com.mwx.StudyWorkspace;
				PRODUCT_NAME = "$(TARGET_NAME)";
				TARGETED_DEVICE_FAMILY = 1;
			};
			name = Release;
		};
/* End XCBuildConfiguration section */

/* Begin XCConfigurationList section */
		58695C2A24E6683000155B80 /* Build configuration list for PBXProject "StudyWorkspace" */ = {
			isa = XCConfigurationList;
			buildConfigurations = (
				58695C4624E6683100155B80 /* Debug */,
				58695C4724E6683100155B80 /* Release */,
			);
			defaultConfigurationIsVisible = 0;
			defaultConfigurationName = Release;
		};
		58695C4824E6683100155B80 /* Build configuration list for PBXNativeTarget "StudyWorkspace" */ = {
			isa = XCConfigurationList;
			buildConfigurations = (
				58695C4924E6683100155B80 /* Debug */,
				58695C4A24E6683100155B80 /* Release */,
			);
			defaultConfigurationIsVisible = 0;
			defaultConfigurationName = Release;
		};
/* End XCConfigurationList section */
	};
	rootObject = 58695C2724E6683000155B80 /* Project object */;
}
