// !$*UTF8*$!
{
	archiveVersion = 1;
	classes = {
	};
	objectVersion = 51;
	objects = {

/* Begin PBXBuildFile section */
		58485A6A24E67EF300495E67 /* WXCFuntionTool.m in Sources */ = {isa = PBXBuildFile; fileRef = 58485A6924E67EF300495E67 /* WXCFuntionTool.m */; };
		58695C3424E6683000155B80 /* AppDelegate.m in Sources */ = {isa = PBXBuildFile; fileRef = 58695C3324E6683000155B80 /* AppDelegate.m */; };
		58695C3A24E6683000155B80 /* StudyMainVC.m in Sources */ = {isa = PBXBuildFile; fileRef = 58695C3924E6683000155B80 /* StudyMainVC.m */; };
		58695C3F24E6683100155B80 /* Assets.xcassets in Resources */ = {isa = PBXBuildFile; fileRef = 58695C3E24E6683100155B80 /* Assets.xcassets */; };
		58695C4524E6683100155B80 /* main.m in Sources */ = {isa = PBXBuildFile; fileRef = 58695C4424E6683100155B80 /* main.m */; };
		58695C5424E66C3E00155B80 /* WXStudyBaseVC.m in Sources */ = {isa = PBXBuildFile; fileRef = 58695C5324E66C3E00155B80 /* WXStudyBaseVC.m */; };
		58695C5724E66CAF00155B80 /* StudyVC1.m in Sources */ = {isa = PBXBuildFile; fileRef = 58695C5624E66CAF00155B80 /* StudyVC1.m */; };
		58695C5A24E66CBE00155B80 /* StudyVC2.m in Sources */ = {isa = PBXBuildFile; fileRef = 58695C5924E66CBE00155B80 /* StudyVC2.m */; };
		58695C5D24E66CCB00155B80 /* StudyVC3.m in Sources */ = {isa = PBXBuildFile; fileRef = 58695C5C24E66CCB00155B80 /* StudyVC3.m */; };
		58695C6124E66E6600155B80 /* LaunchScreen.storyboard in Resources */ = {isa = PBXBuildFile; fileRef = 58695C4024E6683100155B80 /* LaunchScreen.storyboard */; };
		58695C6424E66EA400155B80 /* Main.storyboard in Resources */ = {isa = PBXBuildFile; fileRef = 58695C6324E66EA400155B80 /* Main.storyboard */; };
		58DB51E024E6749800F71C56 /* WXTableViewManager.m in Sources */ = {isa = PBXBuildFile; fileRef = 58DB51DF24E6749800F71C56 /* WXTableViewManager.m */; };
		58DB51E824E677C900F71C56 /* WXStudyCell.m in Sources */ = {isa = PBXBuildFile; fileRef = 58DB51E624E677C900F71C56 /* WXStudyCell.m */; };
		58DB51E924E677C900F71C56 /* WXStudyCell.xib in Resources */ = {isa = PBXBuildFile; fileRef = 58DB51E724E677C900F71C56 /* WXStudyCell.xib */; };
		58DB51EC24E6791A00F71C56 /* WXDataModel.m in Sources */ = {isa = PBXBuildFile; fileRef = 58DB51EB24E6791A00F71C56 /* WXDataModel.m */; };
		58FBED5E24E68802003F7FE6 /* SkinZipURL.txt in Resources */ = {isa = PBXBuildFile; fileRef = 58FBED5D24E68802003F7FE6 /* SkinZipURL.txt */; };
		58FBED6624E68C2B003F7FE6 /* StudyVC1.xib in Resources */ = {isa = PBXBuildFile; fileRef = 58FBED6524E68C2B003F7FE6 /* StudyVC1.xib */; };
		58FBED7024E6B8C8003F7FE6 /* StudyVC4.m in Sources */ = {isa = PBXBuildFile; fileRef = 58FBED6F24E6B8C8003F7FE6 /* StudyVC4.m */; };
		7B39CC609BC1C7DB5807A233 /* Pods_StudyWorkspace.framework in Frameworks */ = {isa = PBXBuildFile; fileRef = 9CBFC8E2FC91C868C7F9604B /* Pods_StudyWorkspace.framework */; };
/* End PBXBuildFile section */

/* Begin PBXFileReference section */
		58485A6724E67E4200495E67 /* WXHeadDefinder.h */ = {isa = PBXFileReference; lastKnownFileType = sourcecode.c.h; path = WXHeadDefinder.h; sourceTree = "<group>"; };
		58485A6824E67EF300495E67 /* WXCFuntionTool.h */ = {isa = PBXFileReference; lastKnownFileType = sourcecode.c.h; path = WXCFuntionTool.h; sourceTree = "<group>"; };
		58485A6924E67EF300495E67 /* WXCFuntionTool.m */ = {isa = PBXFileReference; lastKnownFileType = sourcecode.c.objc; path = WXCFuntionTool.m; sourceTree = "<group>"; };
		58695C2F24E6683000155B80 /* StudyWorkspace.app */ = {isa = PBXFileReference; explicitFileType = wrapper.application; includeInIndex = 0; path = StudyWorkspace.app; sourceTree = BUILT_PRODUCTS_DIR; };
		58695C3224E6683000155B80 /* AppDelegate.h */ = {isa = PBXFileReference; lastKnownFileType = sourcecode.c.h; path = AppDelegate.h; sourceTree = "<group>"; };
		58695C3324E6683000155B80 /* AppDelegate.m */ = {isa = PBXFileReference; lastKnownFileType = sourcecode.c.objc; path = AppDelegate.m; sourceTree = "<group>"; };
		58695C3824E6683000155B80 /* StudyMainVC.h */ = {isa = PBXFileReference; lastKnownFileType = sourcecode.c.h; path = StudyMainVC.h; sourceTree = "<group>"; };
		58695C3924E6683000155B80 /* StudyMainVC.m */ = {isa = PBXFileReference; lastKnownFileType = sourcecode.c.objc; path = StudyMainVC.m; sourceTree = "<group>"; };
		58695C3E24E6683100155B80 /* Assets.xcassets */ = {isa = PBXFileReference; lastKnownFileType = folder.assetcatalog; path = Assets.xcassets; sourceTree = "<group>"; };
		58695C4124E6683100155B80 /* Base */ = {isa = PBXFileReference; lastKnownFileType = file.storyboard; name = Base; path = Base.lproj/LaunchScreen.storyboard; sourceTree = "<group>"; };
		58695C4324E6683100155B80 /* Info.plist */ = {isa = PBXFileReference; lastKnownFileType = text.plist.xml; path = Info.plist; sourceTree = "<group>"; };
		58695C4424E6683100155B80 /* main.m */ = {isa = PBXFileReference; lastKnownFileType = sourcecode.c.objc; path = main.m; sourceTree = "<group>"; };
		58695C5224E66C3E00155B80 /* WXStudyBaseVC.h */ = {isa = PBXFileReference; lastKnownFileType = sourcecode.c.h; path = WXStudyBaseVC.h; sourceTree = "<group>"; };
		58695C5324E66C3E00155B80 /* WXStudyBaseVC.m */ = {isa = PBXFileReference; lastKnownFileType = sourcecode.c.objc; path = WXStudyBaseVC.m; sourceTree = "<group>"; };
		58695C5524E66CAF00155B80 /* StudyVC1.h */ = {isa = PBXFileReference; lastKnownFileType = sourcecode.c.h; path = StudyVC1.h; sourceTree = "<group>"; };
		58695C5624E66CAF00155B80 /* StudyVC1.m */ = {isa = PBXFileReference; lastKnownFileType = sourcecode.c.objc; path = StudyVC1.m; sourceTree = "<group>"; };
		58695C5824E66CBE00155B80 /* StudyVC2.h */ = {isa = PBXFileReference; lastKnownFileType = sourcecode.c.h; path = StudyVC2.h; sourceTree = "<group>"; };
		58695C5924E66CBE00155B80 /* StudyVC2.m */ = {isa = PBXFileReference; lastKnownFileType = sourcecode.c.objc; path = StudyVC2.m; sourceTree = "<group>"; };
		58695C5B24E66CCB00155B80 /* StudyVC3.h */ = {isa = PBXFileReference; lastKnownFileType = sourcecode.c.h; path = StudyVC3.h; sourceTree = "<group>"; };
		58695C5C24E66CCB00155B80 /* StudyVC3.m */ = {isa = PBXFileReference; lastKnownFileType = sourcecode.c.objc; path = StudyVC3.m; sourceTree = "<group>"; };
		58695C6324E66EA400155B80 /* Main.storyboard */ = {isa = PBXFileReference; lastKnownFileType = file.storyboard; path = Main.storyboard; sourceTree = "<group>"; };
		58DB51DE24E6749800F71C56 /* WXTableViewManager.h */ = {isa = PBXFileReference; lastKnownFileType = sourcecode.c.h; path = WXTableViewManager.h; sourceTree = "<group>"; };
		58DB51DF24E6749800F71C56 /* WXTableViewManager.m */ = {isa = PBXFileReference; lastKnownFileType = sourcecode.c.objc; path = WXTableViewManager.m; sourceTree = "<group>"; };
		58DB51E524E677C900F71C56 /* WXStudyCell.h */ = {isa = PBXFileReference; lastKnownFileType = sourcecode.c.h; path = WXStudyCell.h; sourceTree = "<group>"; };
		58DB51E624E677C900F71C56 /* WXStudyCell.m */ = {isa = PBXFileReference; lastKnownFileType = sourcecode.c.objc; path = WXStudyCell.m; sourceTree = "<group>"; };
		58DB51E724E677C900F71C56 /* WXStudyCell.xib */ = {isa = PBXFileReference; lastKnownFileType = file.xib; path = WXStudyCell.xib; sourceTree = "<group>"; };
		58DB51EA24E6791A00F71C56 /* WXDataModel.h */ = {isa = PBXFileReference; lastKnownFileType = sourcecode.c.h; path = WXDataModel.h; sourceTree = "<group>"; };
		58DB51EB24E6791A00F71C56 /* WXDataModel.m */ = {isa = PBXFileReference; lastKnownFileType = sourcecode.c.objc; path = WXDataModel.m; sourceTree = "<group>"; };
		58FBED5D24E68802003F7FE6 /* SkinZipURL.txt */ = {isa = PBXFileReference; fileEncoding = 4; lastKnownFileType = text; path = SkinZipURL.txt; sourceTree = "<group>"; };
		58FBED6524E68C2B003F7FE6 /* StudyVC1.xib */ = {isa = PBXFileReference; lastKnownFileType = file.xib; path = StudyVC1.xib; sourceTree = "<group>"; };
		58FBED6E24E6B8C8003F7FE6 /* StudyVC4.h */ = {isa = PBXFileReference; lastKnownFileType = sourcecode.c.h; path = StudyVC4.h; sourceTree = "<group>"; };
		58FBED6F24E6B8C8003F7FE6 /* StudyVC4.m */ = {isa = PBXFileReference; lastKnownFileType = sourcecode.c.objc; path = StudyVC4.m; sourceTree = "<group>"; };
		9CBFC8E2FC91C868C7F9604B /* Pods_StudyWorkspace.framework */ = {isa = PBXFileReference; explicitFileType = wrapper.framework; includeInIndex = 0; path = Pods_StudyWorkspace.framework; sourceTree = BUILT_PRODUCTS_DIR; };
		A1AA72DA700F4E9C39AA7BD3 /* Pods-StudyWorkspace.debug.xcconfig */ = {isa = PBXFileReference; includeInIndex = 1; lastKnownFileType = text.xcconfig; name = "Pods-StudyWorkspace.debug.xcconfig"; path = "Target Support Files/Pods-StudyWorkspace/Pods-StudyWorkspace.debug.xcconfig"; sourceTree = "<group>"; };
		ED99E3829806B653A60FC63E /* Pods-StudyWorkspace.release.xcconfig */ = {isa = PBXFileReference; includeInIndex = 1; lastKnownFileType = text.xcconfig; name = "Pods-StudyWorkspace.release.xcconfig"; path = "Target Support Files/Pods-StudyWorkspace/Pods-StudyWorkspace.release.xcconfig"; sourceTree = "<group>"; };
/* End PBXFileReference section */

/* Begin PBXFrameworksBuildPhase section */
		58695C2C24E6683000155B80 /* Frameworks */ = {
			isa = PBXFrameworksBuildPhase;
			buildActionMask = 2147483647;
			files = (
				7B39CC609BC1C7DB5807A233 /* Pods_StudyWorkspace.framework in Frameworks */,
			);
			runOnlyForDeploymentPostprocessing = 0;
		};
/* End PBXFrameworksBuildPhase section */

/* Begin PBXGroup section */
		58695C2624E6683000155B80 = {
			isa = PBXGroup;
			children = (
				58695C3124E6683000155B80 /* StudyWorkspace */,
				58695C3024E6683000155B80 /* Products */,
				D6FEFC3C6C6EF7D4CB3376F3 /* Pods */,
				B0AF3CBD662629030743D43A /* Frameworks */,
			);
			sourceTree = "<group>";
		};
		58695C3024E6683000155B80 /* Products */ = {
			isa = PBXGroup;
			children = (
				58695C2F24E6683000155B80 /* StudyWorkspace.app */,
			);
			name = Products;
			sourceTree = "<group>";
		};
		58695C3124E6683000155B80 /* StudyWorkspace */ = {
			isa = PBXGroup;
			children = (
				58695C3824E6683000155B80 /* StudyMainVC.h */,
				58695C3924E6683000155B80 /* StudyMainVC.m */,
				58695C4C24E6687B00155B80 /* Controller */,
				58695C4D24E6687B00155B80 /* View */,
				58695C4E24E6687B00155B80 /* Model */,
				58DB51E124E674A900F71C56 /* Others */,
				58FBED5F24E68B99003F7FE6 /* SupportingFiles */,
				58695C4B24E6687B00155B80 /* Main */,
			);
			path = StudyWorkspace;
			sourceTree = "<group>";
		};
		58695C4B24E6687B00155B80 /* Main */ = {
			isa = PBXGroup;
			children = (
				58695C3224E6683000155B80 /* AppDelegate.h */,
				58695C3324E6683000155B80 /* AppDelegate.m */,
				58695C3E24E6683100155B80 /* Assets.xcassets */,
				58695C4024E6683100155B80 /* LaunchScreen.storyboard */,
				58695C6324E66EA400155B80 /* Main.storyboard */,
				58695C4324E6683100155B80 /* Info.plist */,
				58695C4424E6683100155B80 /* main.m */,
			);
			path = Main;
			sourceTree = "<group>";
		};
		58695C4C24E6687B00155B80 /* Controller */ = {
			isa = PBXGroup;
			children = (
				58695C5524E66CAF00155B80 /* StudyVC1.h */,
				58695C5624E66CAF00155B80 /* StudyVC1.m */,
				58695C5824E66CBE00155B80 /* StudyVC2.h */,
				58695C5924E66CBE00155B80 /* StudyVC2.m */,
				58695C5B24E66CCB00155B80 /* StudyVC3.h */,
				58695C5C24E66CCB00155B80 /* StudyVC3.m */,
				58FBED6E24E6B8C8003F7FE6 /* StudyVC4.h */,
				58FBED6F24E6B8C8003F7FE6 /* StudyVC4.m */,
			);
			path = Controller;
			sourceTree = "<group>";
		};
		58695C4D24E6687B00155B80 /* View */ = {
			isa = PBXGroup;
			children = (
				58DB51E524E677C900F71C56 /* WXStudyCell.h */,
				58DB51E624E677C900F71C56 /* WXStudyCell.m */,
				58DB51E724E677C900F71C56 /* WXStudyCell.xib */,
			);
			path = View;
			sourceTree = "<group>";
		};
		58695C4E24E6687B00155B80 /* Model */ = {
			isa = PBXGroup;
			children = (
				58DB51EA24E6791A00F71C56 /* WXDataModel.h */,
				58DB51EB24E6791A00F71C56 /* WXDataModel.m */,
			);
			path = Model;
			sourceTree = "<group>";
		};
		58DB51E124E674A900F71C56 /* Others */ = {
			isa = PBXGroup;
			children = (
				58485A6724E67E4200495E67 /* WXHeadDefinder.h */,
				58485A6824E67EF300495E67 /* WXCFuntionTool.h */,
				58485A6924E67EF300495E67 /* WXCFuntionTool.m */,
				58695C5224E66C3E00155B80 /* WXStudyBaseVC.h */,
				58695C5324E66C3E00155B80 /* WXStudyBaseVC.m */,
				58DB51DE24E6749800F71C56 /* WXTableViewManager.h */,
				58DB51DF24E6749800F71C56 /* WXTableViewManager.m */,
			);
			path = Others;
			sourceTree = "<group>";
		};
		58FBED5F24E68B99003F7FE6 /* SupportingFiles */ = {
			isa = PBXGroup;
			children = (
				58FBED5D24E68802003F7FE6 /* SkinZipURL.txt */,
				58FBED6524E68C2B003F7FE6 /* StudyVC1.xib */,
			);
			path = SupportingFiles;
			sourceTree = "<group>";
		};
		B0AF3CBD662629030743D43A /* Frameworks */ = {
			isa = PBXGroup;
			children = (
				9CBFC8E2FC91C868C7F9604B /* Pods_StudyWorkspace.framework */,
			);
			name = Frameworks;
			sourceTree = "<group>";
		};
		D6FEFC3C6C6EF7D4CB3376F3 /* Pods */ = {
			isa = PBXGroup;
			children = (
				A1AA72DA700F4E9C39AA7BD3 /* Pods-StudyWorkspace.debug.xcconfig */,
				ED99E3829806B653A60FC63E /* Pods-StudyWorkspace.release.xcconfig */,
			);
			path = Pods;
			sourceTree = "<group>";
		};
/* End PBXGroup section */

/* Begin PBXNativeTarget section */
		58695C2E24E6683000155B80 /* StudyWorkspace */ = {
			isa = PBXNativeTarget;
			buildConfigurationList = 58695C4824E6683100155B80 /* Build configuration list for PBXNativeTarget "StudyWorkspace" */;
			buildPhases = (
				17BB9A487DC27CBF3FDA9915 /* [CP] Check Pods Manifest.lock */,
				58695C2B24E6683000155B80 /* Sources */,
				58695C2C24E6683000155B80 /* Frameworks */,
				58695C2D24E6683000155B80 /* Resources */,
				7906ED3CAF643412BE05B4DD /* [CP] Embed Pods Frameworks */,
			);
			buildRules = (
			);
			dependencies = (
			);
			name = StudyWorkspace;
			productName = StudyWorkspace;
			productReference = 58695C2F24E6683000155B80 /* StudyWorkspace.app */;
			productType = "com.apple.product-type.application";
		};
/* End PBXNativeTarget section */

/* Begin PBXProject section */
		58695C2724E6683000155B80 /* Project object */ = {
			isa = PBXProject;
			attributes = {
				CLASSPREFIX = Study;
				LastUpgradeCheck = 1160;
				ORGANIZATIONNAME = MaoWX;
				TargetAttributes = {
					58695C2E24E6683000155B80 = {
						CreatedOnToolsVersion = 11.6;
					};
				};
			};
			buildConfigurationList = 58695C2A24E6683000155B80 /* Build configuration list for PBXProject "StudyWorkspace" */;
			compatibilityVersion = "Xcode 9.3";
			developmentRegion = en;
			hasScannedForEncodings = 0;
			knownRegions = (
				en,
				Base,
			);
			mainGroup = 58695C2624E6683000155B80;
			productRefGroup = 58695C3024E6683000155B80 /* Products */;
			projectDirPath = "";
			projectRoot = "";
			targets = (
				58695C2E24E6683000155B80 /* StudyWorkspace */,
			);
		};
/* End PBXProject section */

/* Begin PBXResourcesBuildPhase section */
		58695C2D24E6683000155B80 /* Resources */ = {
			isa = PBXResourcesBuildPhase;
			buildActionMask = 2147483647;
			files = (
				58FBED5E24E68802003F7FE6 /* SkinZipURL.txt in Resources */,
				58DB51E924E677C900F71C56 /* WXStudyCell.xib in Resources */,
				58695C6424E66EA400155B80 /* Main.storyboard in Resources */,
				58695C6124E66E6600155B80 /* LaunchScreen.storyboard in Resources */,
				58FBED6624E68C2B003F7FE6 /* StudyVC1.xib in Resources */,
				58695C3F24E6683100155B80 /* Assets.xcassets in Resources */,
			);
			runOnlyForDeploymentPostprocessing = 0;
		};
/* End PBXResourcesBuildPhase section */

/* Begin PBXShellScriptBuildPhase section */
		17BB9A487DC27CBF3FDA9915 /* [CP] Check Pods Manifest.lock */ = {
			isa = PBXShellScriptBuildPhase;
			buildActionMask = 2147483647;
			files = (
			);
			inputFileListPaths = (
			);
			inputPaths = (
				"${PODS_PODFILE_DIR_PATH}/Podfile.lock",
				"${PODS_ROOT}/Manifest.lock",
			);
			name = "[CP] Check Pods Manifest.lock";
			outputFileListPaths = (
			);
			outputPaths = (
				"$(DERIVED_FILE_DIR)/Pods-StudyWorkspace-checkManifestLockResult.txt",
			);
			runOnlyForDeploymentPostprocessing = 0;
			shellPath = /bin/sh;
			shellScript = "diff \"${PODS_PODFILE_DIR_PATH}/Podfile.lock\" \"${PODS_ROOT}/Manifest.lock\" > /dev/null\nif [ $? != 0 ] ; then\n    # print error to STDERR\n    echo \"error: The sandbox is not in sync with the Podfile.lock. Run 'pod install' or update your CocoaPods installation.\" >&2\n    exit 1\nfi\n# This output is used by Xcode 'outputs' to avoid re-running this script phase.\necho \"SUCCESS\" > \"${SCRIPT_OUTPUT_FILE_0}\"\n";
			showEnvVarsInLog = 0;
		};
		7906ED3CAF643412BE05B4DD /* [CP] Embed Pods Frameworks */ = {
			isa = PBXShellScriptBuildPhase;
			buildActionMask = 2147483647;
			files = (
			);
			inputFileListPaths = (
				"${PODS_ROOT}/Target Support Files/Pods-StudyWorkspace/Pods-StudyWorkspace-frameworks-${CONFIGURATION}-input-files.xcfilelist",
			);
			name = "[CP] Embed Pods Frameworks";
			outputFileListPaths = (
				"${PODS_ROOT}/Target Support Files/Pods-StudyWorkspace/Pods-StudyWorkspace-frameworks-${CONFIGURATION}-output-files.xcfilelist",
			);
			runOnlyForDeploymentPostprocessing = 0;
			shellPath = /bin/sh;
			shellScript = "\"${PODS_ROOT}/Target Support Files/Pods-StudyWorkspace/Pods-StudyWorkspace-frameworks.sh\"\n";
			showEnvVarsInLog = 0;
		};
/* End PBXShellScriptBuildPhase section */

/* Begin PBXSourcesBuildPhase section */
		58695C2B24E6683000155B80 /* Sources */ = {
			isa = PBXSourcesBuildPhase;
			buildActionMask = 2147483647;
			files = (
				58695C3A24E6683000155B80 /* StudyMainVC.m in Sources */,
				58695C5724E66CAF00155B80 /* StudyVC1.m in Sources */,
				58695C5D24E66CCB00155B80 /* StudyVC3.m in Sources */,
				58FBED7024E6B8C8003F7FE6 /* StudyVC4.m in Sources */,
				58695C5424E66C3E00155B80 /* WXStudyBaseVC.m in Sources */,
				58DB51EC24E6791A00F71C56 /* WXDataModel.m in Sources */,
				58DB51E024E6749800F71C56 /* WXTableViewManager.m in Sources */,
				58695C3424E6683000155B80 /* AppDelegate.m in Sources */,
				58695C4524E6683100155B80 /* main.m in Sources */,
				58695C5A24E66CBE00155B80 /* StudyVC2.m in Sources */,
				58DB51E824E677C900F71C56 /* WXStudyCell.m in Sources */,
				58485A6A24E67EF300495E67 /* WXCFuntionTool.m in Sources */,
			);
			runOnlyForDeploymentPostprocessing = 0;
		};
/* End PBXSourcesBuildPhase section */

/* Begin PBXVariantGroup section */
		58695C4024E6683100155B80 /* LaunchScreen.storyboard */ = {
			isa = PBXVariantGroup;
			children = (
				58695C4124E6683100155B80 /* Base */,
			);
			name = LaunchScreen.storyboard;
			sourceTree = "<group>";
		};
/* End PBXVariantGroup section */

/* Begin XCBuildConfiguration section */
		58695C4624E6683100155B80 /* Debug */ = {
			isa = XCBuildConfiguration;
			buildSettings = {
				ALWAYS_SEARCH_USER_PATHS = NO;
				CLANG_ANALYZER_NONNULL = YES;
				CLANG_ANALYZER_NUMBER_OBJECT_CONVERSION = YES_AGGRESSIVE;
				CLANG_CXX_LANGUAGE_STANDARD = "gnu++14";
				CLANG_CXX_LIBRARY = "libc++";
				CLANG_ENABLE_MODULES = YES;
				CLANG_ENABLE_OBJC_ARC = YES;
				CLANG_ENABLE_OBJC_WEAK = YES;
				CLANG_WARN_BLOCK_CAPTURE_AUTORELEASING = YES;
				CLANG_WARN_BOOL_CONVERSION = YES;
				CLANG_WARN_COMMA = YES;
				CLANG_WARN_CONSTANT_CONVERSION = YES;
				CLANG_WARN_DEPRECATED_OBJC_IMPLEMENTATIONS = YES;
				CLANG_WARN_DIRECT_OBJC_ISA_USAGE = YES_ERROR;
				CLANG_WARN_DOCUMENTATION_COMMENTS = YES;
				CLANG_WARN_EMPTY_BODY = YES;
				CLANG_WARN_ENUM_CONVERSION = YES;
				CLANG_WARN_INFINITE_RECURSION = YES;
				CLANG_WARN_INT_CONVERSION = YES;
				CLANG_WARN_NON_LITERAL_NULL_CONVERSION = YES;
				CLANG_WARN_OBJC_IMPLICIT_RETAIN_SELF = YES;
				CLANG_WARN_OBJC_LITERAL_CONVERSION = YES;
				CLANG_WARN_OBJC_ROOT_CLASS = YES_ERROR;
				CLANG_WARN_RANGE_LOOP_ANALYSIS = YES;
				CLANG_WARN_STRICT_PROTOTYPES = YES;
				CLANG_WARN_SUSPICIOUS_MOVE = YES;
				CLANG_WARN_UNGUARDED_AVAILABILITY = YES_AGGRESSIVE;
				CLANG_WARN_UNREACHABLE_CODE = YES;
				CLANG_WARN__DUPLICATE_METHOD_MATCH = YES;
				COPY_PHASE_STRIP = NO;
				DEBUG_INFORMATION_FORMAT = dwarf;
				ENABLE_STRICT_OBJC_MSGSEND = YES;
				ENABLE_TESTABILITY = YES;
				GCC_C_LANGUAGE_STANDARD = gnu11;
				GCC_DYNAMIC_NO_PIC = NO;
				GCC_NO_COMMON_BLOCKS = YES;
				GCC_OPTIMIZATION_LEVEL = 0;
				GCC_PREPROCESSOR_DEFINITIONS = (
					"DEBUG=1",
					"$(inherited)",
				);
				GCC_WARN_64_TO_32_BIT_CONVERSION = YES;
				GCC_WARN_ABOUT_RETURN_TYPE = YES_ERROR;
				GCC_WARN_UNDECLARED_SELECTOR = YES;
				GCC_WARN_UNINITIALIZED_AUTOS = YES_AGGRESSIVE;
				GCC_WARN_UNUSED_FUNCTION = YES;
				GCC_WARN_UNUSED_VARIABLE = YES;
				IPHONEOS_DEPLOYMENT_TARGET = 13.6;
				MTL_ENABLE_DEBUG_INFO = INCLUDE_SOURCE;
				MTL_FAST_MATH = YES;
				ONLY_ACTIVE_ARCH = YES;
				SDKROOT = iphoneos;
			};
			name = Debug;
		};
		58695C4724E6683100155B80 /* Release */ = {
			isa = XCBuildConfiguration;
			buildSettings = {
				ALWAYS_SEARCH_USER_PATHS = NO;
				CLANG_ANALYZER_NONNULL = YES;
				CLANG_ANALYZER_NUMBER_OBJECT_CONVERSION = YES_AGGRESSIVE;
				CLANG_CXX_LANGUAGE_STANDARD = "gnu++14";
				CLANG_CXX_LIBRARY = "libc++";
				CLANG_ENABLE_MODULES = YES;
				CLANG_ENABLE_OBJC_ARC = YES;
				CLANG_ENABLE_OBJC_WEAK = YES;
				CLANG_WARN_BLOCK_CAPTURE_AUTORELEASING = YES;
				CLANG_WARN_BOOL_CONVERSION = YES;
				CLANG_WARN_COMMA = YES;
				CLANG_WARN_CONSTANT_CONVERSION = YES;
				CLANG_WARN_DEPRECATED_OBJC_IMPLEMENTATIONS = YES;
				CLANG_WARN_DIRECT_OBJC_ISA_USAGE = YES_ERROR;
				CLANG_WARN_DOCUMENTATION_COMMENTS = YES;
				CLANG_WARN_EMPTY_BODY = YES;
				CLANG_WARN_ENUM_CONVERSION = YES;
				CLANG_WARN_INFINITE_RECURSION = YES;
				CLANG_WARN_INT_CONVERSION = YES;
				CLANG_WARN_NON_LITERAL_NULL_CONVERSION = YES;
				CLANG_WARN_OBJC_IMPLICIT_RETAIN_SELF = YES;
				CLANG_WARN_OBJC_LITERAL_CONVERSION = YES;
				CLANG_WARN_OBJC_ROOT_CLASS = YES_ERROR;
				CLANG_WARN_RANGE_LOOP_ANALYSIS = YES;
				CLANG_WARN_STRICT_PROTOTYPES = YES;
				CLANG_WARN_SUSPICIOUS_MOVE = YES;
				CLANG_WARN_UNGUARDED_AVAILABILITY = YES_AGGRESSIVE;
				CLANG_WARN_UNREACHABLE_CODE = YES;
				CLANG_WARN__DUPLICATE_METHOD_MATCH = YES;
				COPY_PHASE_STRIP = NO;
				DEBUG_INFORMATION_FORMAT = "dwarf-with-dsym";
				ENABLE_NS_ASSERTIONS = NO;
				ENABLE_STRICT_OBJC_MSGSEND = YES;
				GCC_C_LANGUAGE_STANDARD = gnu11;
				GCC_NO_COMMON_BLOCKS = YES;
				GCC_WARN_64_TO_32_BIT_CONVERSION = YES;
				GCC_WARN_ABOUT_RETURN_TYPE = YES_ERROR;
				GCC_WARN_UNDECLARED_SELECTOR = YES;
				GCC_WARN_UNINITIALIZED_AUTOS = YES_AGGRESSIVE;
				GCC_WARN_UNUSED_FUNCTION = YES;
				GCC_WARN_UNUSED_VARIABLE = YES;
				IPHONEOS_DEPLOYMENT_TARGET = 13.6;
				MTL_ENABLE_DEBUG_INFO = NO;
				MTL_FAST_MATH = YES;
				SDKROOT = iphoneos;
				VALIDATE_PRODUCT = YES;
			};
			name = Release;
		};
		58695C4924E6683100155B80 /* Debug */ = {
			isa = XCBuildConfiguration;
			baseConfigurationReference = A1AA72DA700F4E9C39AA7BD3 /* Pods-StudyWorkspace.debug.xcconfig */;
			buildSettings = {
				ASSETCATALOG_COMPILER_APPICON_NAME = AppIcon;
				CODE_SIGN_STYLE = Automatic;
				DEVELOPMENT_TEAM = P8FFNR95EQ;
				INFOPLIST_FILE = StudyWorkspace/Main/Info.plist;
				IPHONEOS_DEPLOYMENT_TARGET = 10.0;
				LD_RUNPATH_SEARCH_PATHS = (
					"$(inherited)",
					"@executable_path/Frameworks",
				);
				PRODUCT_BUNDLE_IDENTIFIER = com.mwx.StudyWorkspace;
				PRODUCT_NAME = "$(TARGET_NAME)";
				TARGETED_DEVICE_FAMILY = "1,2";
			};
			name = Debug;
		};
		58695C4A24E6683100155B80 /* Release */ = {
			isa = XCBuildConfiguration;
			baseConfigurationReference = ED99E3829806B653A60FC63E /* Pods-StudyWorkspace.release.xcconfig */;
			buildSettings = {
				ASSETCATALOG_COMPILER_APPICON_NAME = AppIcon;
				CODE_SIGN_STYLE = Automatic;
				DEVELOPMENT_TEAM = P8FFNR95EQ;
				INFOPLIST_FILE = StudyWorkspace/Main/Info.plist;
				IPHONEOS_DEPLOYMENT_TARGET = 10.0;
				LD_RUNPATH_SEARCH_PATHS = (
					"$(inherited)",
					"@executable_path/Frameworks",
				);
				PRODUCT_BUNDLE_IDENTIFIER = com.mwx.StudyWorkspace;
				PRODUCT_NAME = "$(TARGET_NAME)";
				TARGETED_DEVICE_FAMILY = "1,2";
			};
			name = Release;
		};
/* End XCBuildConfiguration section */

/* Begin XCConfigurationList section */
		58695C2A24E6683000155B80 /* Build configuration list for PBXProject "StudyWorkspace" */ = {
			isa = XCConfigurationList;
			buildConfigurations = (
				58695C4624E6683100155B80 /* Debug */,
				58695C4724E6683100155B80 /* Release */,
			);
			defaultConfigurationIsVisible = 0;
			defaultConfigurationName = Release;
		};
		58695C4824E6683100155B80 /* Build configuration list for PBXNativeTarget "StudyWorkspace" */ = {
			isa = XCConfigurationList;
			buildConfigurations = (
				58695C4924E6683100155B80 /* Debug */,
				58695C4A24E6683100155B80 /* Release */,
			);
			defaultConfigurationIsVisible = 0;
			defaultConfigurationName = Release;
		};
/* End XCConfigurationList section */
	};
	rootObject = 58695C2724E6683000155B80 /* Project object */;
}
